{
	"name": "@seasketch/gp-area",
	"version": "0.13.0",
	"lockfileVersion": 2,
	"requires": true,
	"packages": {
		"": {
			"name": "@seasketch/gp-area",
			"version": "0.12.1",
			"license": "BSD-3-Clause",
			"dependencies": {
				"@turf/bbox": "^6.3.0",
				"@turf/helpers": "^6.3.0"
			}
		},
		"node_modules/@turf/bbox": {
			"version": "6.3.0",
			"resolved": "https://registry.npmjs.org/@turf/bbox/-/bbox-6.3.0.tgz",
			"integrity": "sha512-N4ue5Xopu1qieSHP2MA/CJGWHPKaTrVXQJjzHRNcY1vtsO126xbSaJhWUrFc5x5vVkXp0dcucGryO0r5m4o/KA==",
			"dependencies": {
				"@turf/helpers": "^6.3.0",
				"@turf/meta": "^6.3.0"
			}
		},
		"node_modules/@turf/helpers": {
			"version": "6.3.0",
			"resolved": "https://registry.npmjs.org/@turf/helpers/-/helpers-6.3.0.tgz",
			"integrity": "sha512-kr6KuD4Z0GZ30tblTEvi90rvvVNlKieXuMC8CTzE/rVQb0/f/Cb29zCXxTD7giQTEQY/P2nRW23wEqqyNHulCg=="
		},
		"node_modules/@turf/meta": {
			"version": "6.3.0",
			"resolved": "https://registry.npmjs.org/@turf/meta/-/meta-6.3.0.tgz",
			"integrity": "sha512-qBJjaAJS9H3ap0HlGXyF/Bzfl0qkA9suafX/jnDsZvWMfVLt+s+o6twKrXOGk5t7nnNON2NFRC8+czxpu104EQ==",
			"dependencies": {
				"@turf/helpers": "^6.3.0"
			}
		}
	},
	"dependencies": {
		"@turf/bbox": {
			"version": "6.3.0",
			"resolved": "https://registry.npmjs.org/@turf/bbox/-/bbox-6.3.0.tgz",
			"integrity": "sha512-N4ue5Xopu1qieSHP2MA/CJGWHPKaTrVXQJjzHRNcY1vtsO126xbSaJhWUrFc5x5vVkXp0dcucGryO0r5m4o/KA==",
			"requires": {
				"@turf/helpers": "^6.3.0",
				"@turf/meta": "^6.3.0"
			}
		},
		"@turf/helpers": {
			"version": "6.3.0",
			"resolved": "https://registry.npmjs.org/@turf/helpers/-/helpers-6.3.0.tgz",
			"integrity": "sha512-kr6KuD4Z0GZ30tblTEvi90rvvVNlKieXuMC8CTzE/rVQb0/f/Cb29zCXxTD7giQTEQY/P2nRW23wEqqyNHulCg=="
		},
		"@turf/meta": {
			"version": "6.3.0",
			"resolved": "https://registry.npmjs.org/@turf/meta/-/meta-6.3.0.tgz",
			"integrity": "sha512-qBJjaAJS9H3ap0HlGXyF/Bzfl0qkA9suafX/jnDsZvWMfVLt+s+o6twKrXOGk5t7nnNON2NFRC8+czxpu104EQ==",
			"requires": {
				"@turf/helpers": "^6.3.0"
			}
		}
	}
}
