{
	"name": "example-project",
	"version": "1.0.0",
	"lockfileVersion": 1,
	"requires": true,
	"dependencies": {
		"@turf/bbox": {
			"version": "6.0.1",
			"resolved": "https://registry.npmjs.org/@turf/bbox/-/bbox-6.0.1.tgz",
			"integrity": "sha512-EGgaRLettBG25Iyx7VyUINsPpVj1x3nFQFiGS3ER8KCI1MximzNLsam3eXRabqQDjyAKyAE1bJ4EZEpGvspQxw==",
			"requires": {
				"@turf/helpers": "6.x",
				"@turf/meta": "6.x"
			}
		},
		"@turf/centroid": {
			"version": "6.0.2",
			"resolved": "https://registry.npmjs.org/@turf/centroid/-/centroid-6.0.2.tgz",
			"integrity": "sha512-auyDauOtC4eddH7GC3CHFTDu2PKhpSeKCRhwhHhXtJqn2dWCJQNIoCeJRmfXRIbzCWhWvgvQafvvhq8HNvmvWw==",
			"requires": {
				"@turf/helpers": "6.x",
				"@turf/meta": "6.x"
			}
		},
		"@turf/helpers": {
			"version": "6.1.4",
			"resolved": "https://registry.npmjs.org/@turf/helpers/-/helpers-6.1.4.tgz",
			"integrity": "sha512-vJvrdOZy1ngC7r3MDA7zIGSoIgyrkWcGnNIEaqn/APmw+bVLF2gAW7HIsdTxd12s5wQMqEpqIQrmrbRRZ0xC7g=="
		},
		"@turf/meta": {
			"version": "6.0.2",
			"resolved": "https://registry.npmjs.org/@turf/meta/-/meta-6.0.2.tgz",
			"integrity": "sha512-VA7HJkx7qF1l3+GNGkDVn2oXy4+QoLP6LktXAaZKjuT1JI0YESat7quUkbCMy4zP9lAUuvS4YMslLyTtr919FA==",
			"requires": {
				"@turf/helpers": "6.x"
			}
		},
		"@types/geojson": {
			"version": "7946.0.7",
			"resolved": "https://registry.npmjs.org/@types/geojson/-/geojson-7946.0.7.tgz",
			"integrity": "sha512-wE2v81i4C4Ol09RtsWFAqg3BUitWbHSpSlIo+bNdsCJijO9sjme+zm+73ZMCa/qMC8UEERxzGbvmr1cffo2SiQ=="
		}
	}
}
