{
	"name": "@seasketch/gp-clip",
	"version": "0.0.1",
	"lockfileVersion": 2,
	"requires": true,
	"packages": {
		"": {
			"name": "@seasketch/gp-clip",
			"version": "0.0.1",
			"license": "BSD-3-Clause",
			"dependencies": {
				"@turf/area": "^6.0.1",
				"@turf/bbox": "^6.0.1",
				"@turf/combine": "^6.0.1",
				"@turf/flatten": "^5.1.5",
				"@turf/invariant": "^6.1.2",
				"@types/geojson": "7946.0.7",
				"@types/node": "^14.0.14",
				"martinez-polygon-clipping": "^0.7.0",
				"union-subdivided-polygons": "^0.9.1"
			}
		},
		"node_modules/@turf/area": {
			"version": "6.3.0",
			"resolved": "https://registry.npmjs.org/@turf/area/-/area-6.3.0.tgz",
			"integrity": "sha512-Y1cYyAQ2fk94npdgOeMF4msc2uabHY1m7A7ntixf1I8rkyDd6/iHh1IMy1QsM+VZXAEwDwsXhu+ZFYd3Jkeg4A==",
			"dependencies": {
				"@turf/helpers": "^6.3.0",
				"@turf/meta": "^6.3.0"
			}
		},
		"node_modules/@turf/bbox": {
			"version": "6.3.0",
			"resolved": "https://registry.npmjs.org/@turf/bbox/-/bbox-6.3.0.tgz",
			"integrity": "sha512-N4ue5Xopu1qieSHP2MA/CJGWHPKaTrVXQJjzHRNcY1vtsO126xbSaJhWUrFc5x5vVkXp0dcucGryO0r5m4o/KA==",
			"dependencies": {
				"@turf/helpers": "^6.3.0",
				"@turf/meta": "^6.3.0"
			}
		},
		"node_modules/@turf/combine": {
			"version": "6.3.0",
			"resolved": "https://registry.npmjs.org/@turf/combine/-/combine-6.3.0.tgz",
			"integrity": "sha512-/FKUxUvQhKDDBJ4CTr49rvanYbdrtlsbr+7p6H8Vv0EyfeWqwJ3qA8lRuAjPtK0StviYg2t6XTucvKd/3PPX3Q==",
			"dependencies": {
				"@turf/helpers": "^6.3.0",
				"@turf/meta": "^6.3.0"
			}
		},
		"node_modules/@turf/flatten": {
			"version": "5.1.5",
			"resolved": "https://registry.npmjs.org/@turf/flatten/-/flatten-5.1.5.tgz",
			"integrity": "sha1-2iknBnEz7WFpsLnWB7khVoiqE1g=",
			"dependencies": {
				"@turf/helpers": "^5.1.5",
				"@turf/meta": "^5.1.5"
			}
		},
		"node_modules/@turf/flatten/node_modules/@turf/helpers": {
			"version": "5.1.5",
			"resolved": "https://registry.npmjs.org/@turf/helpers/-/helpers-5.1.5.tgz",
			"integrity": "sha1-FTQFInq5M9AEpbuWQantmZ/L4M8="
		},
		"node_modules/@turf/flatten/node_modules/@turf/meta": {
			"version": "5.2.0",
			"resolved": "https://registry.npmjs.org/@turf/meta/-/meta-5.2.0.tgz",
			"integrity": "sha1-OxrUhe4MOwsXdRMqMsOE1T5LpT0=",
			"dependencies": {
				"@turf/helpers": "^5.1.5"
			}
		},
		"node_modules/@turf/helpers": {
			"version": "6.3.0",
			"resolved": "https://registry.npmjs.org/@turf/helpers/-/helpers-6.3.0.tgz",
			"integrity": "sha512-kr6KuD4Z0GZ30tblTEvi90rvvVNlKieXuMC8CTzE/rVQb0/f/Cb29zCXxTD7giQTEQY/P2nRW23wEqqyNHulCg=="
		},
		"node_modules/@turf/invariant": {
			"version": "6.3.0",
			"resolved": "https://registry.npmjs.org/@turf/invariant/-/invariant-6.3.0.tgz",
			"integrity": "sha512-2OFOi9p+QOrcIMySEnr+WlOiKaFZ1bY56jA98YyECewJHfhPFWUBZEhc4nWGRT0ahK08Vus9+gcuBX8QIpCIIw==",
			"dependencies": {
				"@turf/helpers": "^6.3.0"
			}
		},
		"node_modules/@turf/meta": {
			"version": "6.3.0",
			"resolved": "https://registry.npmjs.org/@turf/meta/-/meta-6.3.0.tgz",
			"integrity": "sha512-qBJjaAJS9H3ap0HlGXyF/Bzfl0qkA9suafX/jnDsZvWMfVLt+s+o6twKrXOGk5t7nnNON2NFRC8+czxpu104EQ==",
			"dependencies": {
				"@turf/helpers": "^6.3.0"
			}
		},
		"node_modules/@types/geojson": {
			"version": "7946.0.7",
			"resolved": "https://registry.npmjs.org/@types/geojson/-/geojson-7946.0.7.tgz",
			"integrity": "sha512-wE2v81i4C4Ol09RtsWFAqg3BUitWbHSpSlIo+bNdsCJijO9sjme+zm+73ZMCa/qMC8UEERxzGbvmr1cffo2SiQ=="
		},
		"node_modules/@types/node": {
			"version": "14.14.37",
			"resolved": "https://registry.npmjs.org/@types/node/-/node-14.14.37.tgz",
			"integrity": "sha512-XYmBiy+ohOR4Lh5jE379fV2IU+6Jn4g5qASinhitfyO71b/sCo6MKsMLF5tc7Zf2CE8hViVQyYSobJNke8OvUw=="
		},
		"node_modules/martinez-polygon-clipping": {
			"version": "0.7.0",
			"resolved": "https://registry.npmjs.org/martinez-polygon-clipping/-/martinez-polygon-clipping-0.7.0.tgz",
			"integrity": "sha512-EBxKjlUqrVjzT1HRwJARaSwj66JZqEUl+JnqnrzHZLU4hd4XrCQWqShZx40264NR/pm5wIHRlNEaIrev44wvKA==",
			"dependencies": {
				"robust-predicates": "^2.0.4",
				"splaytree": "^0.1.4",
				"tinyqueue": "^1.2.0"
			}
		},
		"node_modules/robust-predicates": {
			"version": "2.0.4",
			"resolved": "https://registry.npmjs.org/robust-predicates/-/robust-predicates-2.0.4.tgz",
			"integrity": "sha512-l4NwboJM74Ilm4VKfbAtFeGq7aEjWL+5kVFcmgFA2MrdnQWx9iE/tUGvxY5HyMI7o/WpSIUFLbC5fbeaHgSCYg=="
		},
		"node_modules/splaytree": {
			"version": "0.1.4",
			"resolved": "https://registry.npmjs.org/splaytree/-/splaytree-0.1.4.tgz",
			"integrity": "sha512-D50hKrjZgBzqD3FT2Ek53f2dcDLAQT8SSGrzj3vidNH5ISRgceeGVJ2dQIthKOuayqFXfFjXheHNo4bbt9LhRQ=="
		},
		"node_modules/tinyqueue": {
			"version": "1.2.3",
			"resolved": "https://registry.npmjs.org/tinyqueue/-/tinyqueue-1.2.3.tgz",
			"integrity": "sha512-Qz9RgWuO9l8lT+Y9xvbzhPT2efIUIFd69N7eF7tJ9lnQl0iLj1M7peK7IoUGZL9DJHw9XftqLreccfxcQgYLxA=="
		},
		"node_modules/union-subdivided-polygons": {
			"version": "0.9.1",
			"resolved": "https://registry.npmjs.org/union-subdivided-polygons/-/union-subdivided-polygons-0.9.1.tgz",
			"integrity": "sha512-qe1BVS4Btq35sW8kmxKUfSQp81Hcvxvz8oTS/RGdNVG0i5VOv6zaa1HZCWMWzHlP9Kn1NNdmE+UcaEAhwVFt6w==",
			"dependencies": {
				"@turf/bbox": "^6.0.1"
			}
		}
	},
	"dependencies": {
		"@turf/area": {
			"version": "6.3.0",
			"resolved": "https://registry.npmjs.org/@turf/area/-/area-6.3.0.tgz",
			"integrity": "sha512-Y1cYyAQ2fk94npdgOeMF4msc2uabHY1m7A7ntixf1I8rkyDd6/iHh1IMy1QsM+VZXAEwDwsXhu+ZFYd3Jkeg4A==",
			"requires": {
				"@turf/helpers": "^6.3.0",
				"@turf/meta": "^6.3.0"
			}
		},
		"@turf/bbox": {
			"version": "6.3.0",
			"resolved": "https://registry.npmjs.org/@turf/bbox/-/bbox-6.3.0.tgz",
			"integrity": "sha512-N4ue5Xopu1qieSHP2MA/CJGWHPKaTrVXQJjzHRNcY1vtsO126xbSaJhWUrFc5x5vVkXp0dcucGryO0r5m4o/KA==",
			"requires": {
				"@turf/helpers": "^6.3.0",
				"@turf/meta": "^6.3.0"
			}
		},
		"@turf/combine": {
			"version": "6.3.0",
			"resolved": "https://registry.npmjs.org/@turf/combine/-/combine-6.3.0.tgz",
			"integrity": "sha512-/FKUxUvQhKDDBJ4CTr49rvanYbdrtlsbr+7p6H8Vv0EyfeWqwJ3qA8lRuAjPtK0StviYg2t6XTucvKd/3PPX3Q==",
			"requires": {
				"@turf/helpers": "^6.3.0",
				"@turf/meta": "^6.3.0"
			}
		},
		"@turf/flatten": {
			"version": "5.1.5",
			"resolved": "https://registry.npmjs.org/@turf/flatten/-/flatten-5.1.5.tgz",
			"integrity": "sha1-2iknBnEz7WFpsLnWB7khVoiqE1g=",
			"requires": {
				"@turf/helpers": "^5.1.5",
				"@turf/meta": "^5.1.5"
			},
			"dependencies": {
				"@turf/helpers": {
					"version": "5.1.5",
					"resolved": "https://registry.npmjs.org/@turf/helpers/-/helpers-5.1.5.tgz",
					"integrity": "sha1-FTQFInq5M9AEpbuWQantmZ/L4M8="
				},
				"@turf/meta": {
					"version": "5.2.0",
					"resolved": "https://registry.npmjs.org/@turf/meta/-/meta-5.2.0.tgz",
					"integrity": "sha1-OxrUhe4MOwsXdRMqMsOE1T5LpT0=",
					"requires": {
						"@turf/helpers": "^5.1.5"
					}
				}
			}
		},
		"@turf/helpers": {
			"version": "6.3.0",
			"resolved": "https://registry.npmjs.org/@turf/helpers/-/helpers-6.3.0.tgz",
			"integrity": "sha512-kr6KuD4Z0GZ30tblTEvi90rvvVNlKieXuMC8CTzE/rVQb0/f/Cb29zCXxTD7giQTEQY/P2nRW23wEqqyNHulCg=="
		},
		"@turf/invariant": {
			"version": "6.3.0",
			"resolved": "https://registry.npmjs.org/@turf/invariant/-/invariant-6.3.0.tgz",
			"integrity": "sha512-2OFOi9p+QOrcIMySEnr+WlOiKaFZ1bY56jA98YyECewJHfhPFWUBZEhc4nWGRT0ahK08Vus9+gcuBX8QIpCIIw==",
			"requires": {
				"@turf/helpers": "^6.3.0"
			}
		},
		"@turf/meta": {
			"version": "6.3.0",
			"resolved": "https://registry.npmjs.org/@turf/meta/-/meta-6.3.0.tgz",
			"integrity": "sha512-qBJjaAJS9H3ap0HlGXyF/Bzfl0qkA9suafX/jnDsZvWMfVLt+s+o6twKrXOGk5t7nnNON2NFRC8+czxpu104EQ==",
			"requires": {
				"@turf/helpers": "^6.3.0"
			}
		},
		"@types/geojson": {
			"version": "7946.0.7",
			"resolved": "https://registry.npmjs.org/@types/geojson/-/geojson-7946.0.7.tgz",
			"integrity": "sha512-wE2v81i4C4Ol09RtsWFAqg3BUitWbHSpSlIo+bNdsCJijO9sjme+zm+73ZMCa/qMC8UEERxzGbvmr1cffo2SiQ=="
		},
		"@types/node": {
			"version": "14.14.37",
			"resolved": "https://registry.npmjs.org/@types/node/-/node-14.14.37.tgz",
			"integrity": "sha512-XYmBiy+ohOR4Lh5jE379fV2IU+6Jn4g5qASinhitfyO71b/sCo6MKsMLF5tc7Zf2CE8hViVQyYSobJNke8OvUw=="
		},
		"martinez-polygon-clipping": {
			"version": "0.7.0",
			"resolved": "https://registry.npmjs.org/martinez-polygon-clipping/-/martinez-polygon-clipping-0.7.0.tgz",
			"integrity": "sha512-EBxKjlUqrVjzT1HRwJARaSwj66JZqEUl+JnqnrzHZLU4hd4XrCQWqShZx40264NR/pm5wIHRlNEaIrev44wvKA==",
			"requires": {
				"robust-predicates": "^2.0.4",
				"splaytree": "^0.1.4",
				"tinyqueue": "^1.2.0"
			}
		},
		"robust-predicates": {
			"version": "2.0.4",
			"resolved": "https://registry.npmjs.org/robust-predicates/-/robust-predicates-2.0.4.tgz",
			"integrity": "sha512-l4NwboJM74Ilm4VKfbAtFeGq7aEjWL+5kVFcmgFA2MrdnQWx9iE/tUGvxY5HyMI7o/WpSIUFLbC5fbeaHgSCYg=="
		},
		"splaytree": {
			"version": "0.1.4",
			"resolved": "https://registry.npmjs.org/splaytree/-/splaytree-0.1.4.tgz",
			"integrity": "sha512-D50hKrjZgBzqD3FT2Ek53f2dcDLAQT8SSGrzj3vidNH5ISRgceeGVJ2dQIthKOuayqFXfFjXheHNo4bbt9LhRQ=="
		},
		"tinyqueue": {
			"version": "1.2.3",
			"resolved": "https://registry.npmjs.org/tinyqueue/-/tinyqueue-1.2.3.tgz",
			"integrity": "sha512-Qz9RgWuO9l8lT+Y9xvbzhPT2efIUIFd69N7eF7tJ9lnQl0iLj1M7peK7IoUGZL9DJHw9XftqLreccfxcQgYLxA=="
		},
		"union-subdivided-polygons": {
			"version": "0.9.1",
			"resolved": "https://registry.npmjs.org/union-subdivided-polygons/-/union-subdivided-polygons-0.9.1.tgz",
			"integrity": "sha512-qe1BVS4Btq35sW8kmxKUfSQp81Hcvxvz8oTS/RGdNVG0i5VOv6zaa1HZCWMWzHlP9Kn1NNdmE+UcaEAhwVFt6w==",
			"requires": {
				"@turf/bbox": "^6.0.1"
			}
		}
	}
}
