{
	"name": "@seasketch/gp-clip-ocean",
	"version": "0.12.0",
	"lockfileVersion": 2,
	"requires": true,
	"packages": {
		"": {
			"name": "@seasketch/gp-clip-ocean",
			"version": "0.12.0",
			"license": "BSD-3-Clause",
			"dependencies": {
				"@turf/area": "^6.3.0",
				"@turf/bbox": "^6.3.0",
				"@turf/combine": "^6.3.0",
				"@turf/flatten": "^6.3.0",
				"@turf/invariant": "^6.3.0",
				"union-subdivided-polygons": "^0.9.1"
			},
			"devDependencies": {
				"@turf/boolean-disjoint": "6.3.0",
				"@turf/boolean-valid": "6.3.0"
			}
		},
		"node_modules/@turf/area": {
			"version": "6.3.0",
			"resolved": "https://registry.npmjs.org/@turf/area/-/area-6.3.0.tgz",
			"integrity": "sha512-Y1cYyAQ2fk94npdgOeMF4msc2uabHY1m7A7ntixf1I8rkyDd6/iHh1IMy1QsM+VZXAEwDwsXhu+ZFYd3Jkeg4A==",
			"dependencies": {
				"@turf/helpers": "^6.3.0",
				"@turf/meta": "^6.3.0"
			}
		},
		"node_modules/@turf/bbox": {
			"version": "6.3.0",
			"resolved": "https://registry.npmjs.org/@turf/bbox/-/bbox-6.3.0.tgz",
			"integrity": "sha512-N4ue5Xopu1qieSHP2MA/CJGWHPKaTrVXQJjzHRNcY1vtsO126xbSaJhWUrFc5x5vVkXp0dcucGryO0r5m4o/KA==",
			"dependencies": {
				"@turf/helpers": "^6.3.0",
				"@turf/meta": "^6.3.0"
			}
		},
		"node_modules/@turf/bearing": {
			"version": "6.3.0",
			"resolved": "https://registry.npmjs.org/@turf/bearing/-/bearing-6.3.0.tgz",
			"integrity": "sha512-apuUm9xN6VQLO33m7F2mmzlm3dHfeesJjMSzh9iehGtgmp1IaVndjdcIvs0ieiwm8bN9UhwXpfPtO3pV0n9SFw==",
			"dev": true,
			"dependencies": {
				"@turf/helpers": "^6.3.0",
				"@turf/invariant": "^6.3.0"
			}
		},
		"node_modules/@turf/boolean-crosses": {
			"version": "6.3.0",
			"resolved": "https://registry.npmjs.org/@turf/boolean-crosses/-/boolean-crosses-6.3.0.tgz",
			"integrity": "sha512-ajCuNSSqQPN2p3Y1ERX4E/wEsNn5JANI2uNgGOpVAeNX48prQGCBANcG2FTMMB+WVqq9iIdQ4eB5mEg6I8TS4w==",
			"dev": true,
			"dependencies": {
				"@turf/boolean-point-in-polygon": "^6.3.0",
				"@turf/helpers": "^6.3.0",
				"@turf/invariant": "^6.3.0",
				"@turf/line-intersect": "^6.3.0",
				"@turf/polygon-to-line": "^6.3.0"
			}
		},
		"node_modules/@turf/boolean-disjoint": {
			"version": "6.3.0",
			"resolved": "https://registry.npmjs.org/@turf/boolean-disjoint/-/boolean-disjoint-6.3.0.tgz",
			"integrity": "sha512-bVAwAJF05QPH0tf+qjR3kUcCyqTgYcCbXSMgXl6LQF6mSGuOutzNq1gCyRLCOdOcZtw4Oh4dqeP3ykwv8kDibw==",
			"dev": true,
			"dependencies": {
				"@turf/boolean-point-in-polygon": "^6.3.0",
				"@turf/helpers": "^6.3.0",
				"@turf/line-intersect": "^6.3.0",
				"@turf/meta": "^6.3.0",
				"@turf/polygon-to-line": "^6.3.0"
			}
		},
		"node_modules/@turf/boolean-overlap": {
			"version": "6.3.0",
			"resolved": "https://registry.npmjs.org/@turf/boolean-overlap/-/boolean-overlap-6.3.0.tgz",
			"integrity": "sha512-rWh8JKTqlJ1m27FY8YeWcGoXutLyCVfSi2/8AOkXi2F+36P9GM4tHz19yKY3btbnHJTgSZf1xO2YhX2d0BmNqg==",
			"dev": true,
			"dependencies": {
				"@turf/helpers": "^6.3.0",
				"@turf/invariant": "^6.3.0",
				"@turf/line-intersect": "^6.3.0",
				"@turf/line-overlap": "^6.3.0",
				"@turf/meta": "^6.3.0",
				"geojson-equality": "0.1.6"
			}
		},
		"node_modules/@turf/boolean-point-in-polygon": {
			"version": "6.3.0",
			"resolved": "https://registry.npmjs.org/@turf/boolean-point-in-polygon/-/boolean-point-in-polygon-6.3.0.tgz",
			"integrity": "sha512-NqFSsoE6OwhDK19IllDQRhEQEkF7UVEOlqH9vgS1fGg4T6NcyKvACJs05c9457tL7QSbV9ZS53f2qiLneFL+qg==",
			"dev": true,
			"dependencies": {
				"@turf/helpers": "^6.3.0",
				"@turf/invariant": "^6.3.0"
			}
		},
		"node_modules/@turf/boolean-point-on-line": {
			"version": "6.3.0",
			"resolved": "https://registry.npmjs.org/@turf/boolean-point-on-line/-/boolean-point-on-line-6.3.0.tgz",
			"integrity": "sha512-eScH8sfKJVjfbEX5Hgkt1nA7A8DUoiYD1riUVqTp2xikujrMfnYRjFpL/UAo01v33cPKZlhCXp7NE86bdOSrYg==",
			"dev": true,
			"dependencies": {
				"@turf/helpers": "^6.3.0",
				"@turf/invariant": "^6.3.0"
			}
		},
		"node_modules/@turf/boolean-valid": {
			"version": "6.3.0",
			"resolved": "https://registry.npmjs.org/@turf/boolean-valid/-/boolean-valid-6.3.0.tgz",
			"integrity": "sha512-cfnQpHxKkw7J+FZfnpAe/+chBHnG2C+FfGjuBnASvL07ZC3mLNmeepJLuEY4AelldORygwXP2gZRCrsTcQOTYg==",
			"dev": true,
			"dependencies": {
				"@turf/bbox": "^6.3.0",
				"@turf/boolean-crosses": "^6.3.0",
				"@turf/boolean-overlap": "^6.3.0",
				"@turf/boolean-point-in-polygon": "^6.3.0",
				"@turf/boolean-point-on-line": "^6.3.0",
				"@turf/helpers": "^6.3.0",
				"@turf/invariant": "^6.3.0",
				"@turf/line-intersect": "^6.3.0",
				"geojson-polygon-self-intersections": "1.2.x"
			}
		},
		"node_modules/@turf/combine": {
			"version": "6.3.0",
			"resolved": "https://registry.npmjs.org/@turf/combine/-/combine-6.3.0.tgz",
			"integrity": "sha512-/FKUxUvQhKDDBJ4CTr49rvanYbdrtlsbr+7p6H8Vv0EyfeWqwJ3qA8lRuAjPtK0StviYg2t6XTucvKd/3PPX3Q==",
			"dependencies": {
				"@turf/helpers": "^6.3.0",
				"@turf/meta": "^6.3.0"
			}
		},
		"node_modules/@turf/destination": {
			"version": "6.3.0",
			"resolved": "https://registry.npmjs.org/@turf/destination/-/destination-6.3.0.tgz",
			"integrity": "sha512-aLt3U/XkJWyZW08Ln1qZwBNAGh27yhmYLu892+dBj3gKP6UUiR6ZopXxrBwjBVe00A6k2ktftKDn79qe0hptuw==",
			"dev": true,
			"dependencies": {
				"@turf/helpers": "^6.3.0",
				"@turf/invariant": "^6.3.0"
			}
		},
		"node_modules/@turf/distance": {
			"version": "6.3.0",
			"resolved": "https://registry.npmjs.org/@turf/distance/-/distance-6.3.0.tgz",
			"integrity": "sha512-basi24ssNFnH3iXPFjp/aNUrukjObiFWoIyDRqKyBJxVwVOwAWvfk4d38QQyBj5nDo5IahYRq/Q+T47/5hSs9w==",
			"dev": true,
			"dependencies": {
				"@turf/helpers": "^6.3.0",
				"@turf/invariant": "^6.3.0"
			}
		},
		"node_modules/@turf/flatten": {
			"version": "6.3.0",
			"resolved": "https://registry.npmjs.org/@turf/flatten/-/flatten-6.3.0.tgz",
			"integrity": "sha512-0V3qxOGqb0NulEpADPCs/+i/AUQuNSChGA4oy/YGicfMHjnMNapZfOVg3LJEAkd/Kqpw2eJjjKe0gaX5aXo/1w==",
			"dependencies": {
				"@turf/helpers": "^6.3.0",
				"@turf/meta": "^6.3.0"
			}
		},
		"node_modules/@turf/helpers": {
			"version": "6.3.0",
			"resolved": "https://registry.npmjs.org/@turf/helpers/-/helpers-6.3.0.tgz",
			"integrity": "sha512-kr6KuD4Z0GZ30tblTEvi90rvvVNlKieXuMC8CTzE/rVQb0/f/Cb29zCXxTD7giQTEQY/P2nRW23wEqqyNHulCg=="
		},
		"node_modules/@turf/invariant": {
			"version": "6.3.0",
			"resolved": "https://registry.npmjs.org/@turf/invariant/-/invariant-6.3.0.tgz",
			"integrity": "sha512-2OFOi9p+QOrcIMySEnr+WlOiKaFZ1bY56jA98YyECewJHfhPFWUBZEhc4nWGRT0ahK08Vus9+gcuBX8QIpCIIw==",
			"dependencies": {
				"@turf/helpers": "^6.3.0"
			}
		},
		"node_modules/@turf/line-intersect": {
			"version": "6.3.0",
			"resolved": "https://registry.npmjs.org/@turf/line-intersect/-/line-intersect-6.3.0.tgz",
			"integrity": "sha512-3naxR7XpkPd2vst3Mw6DFry4C9m3o0/f2n/xu5UAyxb88Ie4m2k+1eqkhzMMx/0L+E6iThWpLx7DASM6q6o9ow==",
			"dev": true,
			"dependencies": {
				"@turf/helpers": "^6.3.0",
				"@turf/invariant": "^6.3.0",
				"@turf/line-segment": "^6.3.0",
				"@turf/meta": "^6.3.0",
				"geojson-rbush": "3.x"
			}
		},
		"node_modules/@turf/line-overlap": {
			"version": "6.3.0",
			"resolved": "https://registry.npmjs.org/@turf/line-overlap/-/line-overlap-6.3.0.tgz",
			"integrity": "sha512-fVyXfTpr/A+ZXZWG6PbuYz5rAGbTQWyrMZveCl2049SbOXSkVXGjUfpnLaklP0p+adw7eRR0LhZn6FGz9CQaFg==",
			"dev": true,
			"dependencies": {
				"@turf/boolean-point-on-line": "^6.3.0",
				"@turf/helpers": "^6.3.0",
				"@turf/invariant": "^6.3.0",
				"@turf/line-segment": "^6.3.0",
				"@turf/meta": "^6.3.0",
				"@turf/nearest-point-on-line": "^6.3.0",
				"deep-equal": "1.x",
				"geojson-rbush": "3.x"
			}
		},
		"node_modules/@turf/line-segment": {
			"version": "6.3.0",
			"resolved": "https://registry.npmjs.org/@turf/line-segment/-/line-segment-6.3.0.tgz",
			"integrity": "sha512-M+aDy83V+E7jYWNaf+b+A88yhnMrJhyg/lhAj6mU6UeB2PbruXB2qgSmmVDSE2dIknOvZZuIWNzEzUI07RO2kw==",
			"dev": true,
			"dependencies": {
				"@turf/helpers": "^6.3.0",
				"@turf/invariant": "^6.3.0",
				"@turf/meta": "^6.3.0"
			}
		},
		"node_modules/@turf/meta": {
			"version": "6.3.0",
			"resolved": "https://registry.npmjs.org/@turf/meta/-/meta-6.3.0.tgz",
			"integrity": "sha512-qBJjaAJS9H3ap0HlGXyF/Bzfl0qkA9suafX/jnDsZvWMfVLt+s+o6twKrXOGk5t7nnNON2NFRC8+czxpu104EQ==",
			"dependencies": {
				"@turf/helpers": "^6.3.0"
			}
		},
		"node_modules/@turf/nearest-point-on-line": {
			"version": "6.3.0",
			"resolved": "https://registry.npmjs.org/@turf/nearest-point-on-line/-/nearest-point-on-line-6.3.0.tgz",
			"integrity": "sha512-b4C9Md1VbGn9chMgdSj2grJD4w4t0owEWOKEBwOZfdhrcksyOedVvKB7XqOFdj/8Jitel40EKAC5LQTNu24kEQ==",
			"dev": true,
			"dependencies": {
				"@turf/bearing": "^6.3.0",
				"@turf/destination": "^6.3.0",
				"@turf/distance": "^6.3.0",
				"@turf/helpers": "^6.3.0",
				"@turf/invariant": "^6.3.0",
				"@turf/line-intersect": "^6.3.0",
				"@turf/meta": "^6.3.0"
			}
		},
		"node_modules/@turf/polygon-to-line": {
			"version": "6.3.0",
			"resolved": "https://registry.npmjs.org/@turf/polygon-to-line/-/polygon-to-line-6.3.0.tgz",
			"integrity": "sha512-KFGlQlGOBayBvELz+tip1zCa3eB8xyZePZUZ3I3OnU7mk0FFzJzvLTmPUc7MupgqORT4LkNGmyKSVWaz38NTig==",
			"dev": true,
			"dependencies": {
				"@turf/helpers": "^6.3.0",
				"@turf/invariant": "^6.3.0"
			}
		},
		"node_modules/call-bind": {
			"version": "1.0.2",
			"resolved": "https://registry.npmjs.org/call-bind/-/call-bind-1.0.2.tgz",
			"integrity": "sha512-7O+FbCihrB5WGbFYesctwmTKae6rOiIzmz1icreWJ+0aA7LJfuqhEso2T9ncpcFtzMQtzXf2QGGueWJGTYsqrA==",
			"dev": true,
			"dependencies": {
				"function-bind": "^1.1.1",
				"get-intrinsic": "^1.0.2"
			},
			"funding": {
				"url": "https://github.com/sponsors/ljharb"
			}
		},
		"node_modules/deep-equal": {
			"version": "1.1.1",
			"resolved": "https://registry.npmjs.org/deep-equal/-/deep-equal-1.1.1.tgz",
			"integrity": "sha512-yd9c5AdiqVcR+JjcwUQb9DkhJc8ngNr0MahEBGvDiJw8puWab2yZlh+nkasOnZP+EGTAP6rRp2JzJhJZzvNF8g==",
			"dev": true,
			"dependencies": {
				"is-arguments": "^1.0.4",
				"is-date-object": "^1.0.1",
				"is-regex": "^1.0.4",
				"object-is": "^1.0.1",
				"object-keys": "^1.1.1",
				"regexp.prototype.flags": "^1.2.0"
			},
			"funding": {
				"url": "https://github.com/sponsors/ljharb"
			}
		},
		"node_modules/define-properties": {
			"version": "1.1.3",
			"resolved": "https://registry.npmjs.org/define-properties/-/define-properties-1.1.3.tgz",
			"integrity": "sha512-3MqfYKj2lLzdMSf8ZIZE/V+Zuy+BgD6f164e8K2w7dgnpKArBDerGYpM46IYYcjnkdPNMjPk9A6VFB8+3SKlXQ==",
			"dev": true,
			"dependencies": {
				"object-keys": "^1.0.12"
			},
			"engines": {
				"node": ">= 0.4"
			}
		},
		"node_modules/function-bind": {
			"version": "1.1.1",
			"resolved": "https://registry.npmjs.org/function-bind/-/function-bind-1.1.1.tgz",
			"integrity": "sha512-yIovAzMX49sF8Yl58fSCWJ5svSLuaibPxXQJFLmBObTuCr0Mf1KiPopGM9NiFjiYBCbfaa2Fh6breQ6ANVTI0A==",
			"dev": true
		},
		"node_modules/geojson-equality": {
			"version": "0.1.6",
			"resolved": "https://registry.npmjs.org/geojson-equality/-/geojson-equality-0.1.6.tgz",
			"integrity": "sha1-oXE3TvBD5dR5eZWEC65GSOB1LXI=",
			"dev": true,
			"dependencies": {
				"deep-equal": "^1.0.0"
			}
		},
		"node_modules/geojson-polygon-self-intersections": {
			"version": "1.2.1",
			"resolved": "https://registry.npmjs.org/geojson-polygon-self-intersections/-/geojson-polygon-self-intersections-1.2.1.tgz",
			"integrity": "sha512-/QM1b5u2d172qQVO//9CGRa49jEmclKEsYOQmWP9ooEjj63tBM51m2805xsbxkzlEELQ2REgTf700gUhhlegxA==",
			"dev": true,
			"dependencies": {
				"rbush": "^2.0.1"
			}
		},
		"node_modules/geojson-rbush": {
			"version": "3.1.2",
			"resolved": "https://registry.npmjs.org/geojson-rbush/-/geojson-rbush-3.1.2.tgz",
			"integrity": "sha512-grkfdg3HIeTjwTfiJe5FT8+fGU3fABCc+vRJDBwdQz9kkLF0Sbif2gs2JUzjewwgmnvLGy9fInySDeADoNuk7w==",
			"dev": true,
			"dependencies": {
				"@turf/bbox": "*",
				"@turf/helpers": "6.x",
				"@turf/meta": "6.x",
				"rbush": "^2.0.0"
			}
		},
		"node_modules/get-intrinsic": {
			"version": "1.1.1",
			"resolved": "https://registry.npmjs.org/get-intrinsic/-/get-intrinsic-1.1.1.tgz",
			"integrity": "sha512-kWZrnVM42QCiEA2Ig1bG8zjoIMOgxWwYCEeNdwY6Tv/cOSeGpcoX4pXHfKUxNKVoArnrEr2e9srnAxxGIraS9Q==",
			"dev": true,
			"dependencies": {
				"function-bind": "^1.1.1",
				"has": "^1.0.3",
				"has-symbols": "^1.0.1"
			},
			"funding": {
				"url": "https://github.com/sponsors/ljharb"
			}
		},
		"node_modules/has": {
			"version": "1.0.3",
			"resolved": "https://registry.npmjs.org/has/-/has-1.0.3.tgz",
			"integrity": "sha512-f2dvO0VU6Oej7RkWJGrehjbzMAjFp5/VKPp5tTpWIV4JHHZK1/BxbFRtf/siA2SWTe09caDmVtYYzWEIbBS4zw==",
			"dev": true,
			"dependencies": {
				"function-bind": "^1.1.1"
			},
			"engines": {
				"node": ">= 0.4.0"
			}
		},
		"node_modules/has-symbols": {
			"version": "1.0.2",
			"resolved": "https://registry.npmjs.org/has-symbols/-/has-symbols-1.0.2.tgz",
			"integrity": "sha512-chXa79rL/UC2KlX17jo3vRGz0azaWEx5tGqZg5pO3NUyEJVB17dMruQlzCCOfUvElghKcm5194+BCRvi2Rv/Gw==",
			"dev": true,
			"engines": {
				"node": ">= 0.4"
			},
			"funding": {
				"url": "https://github.com/sponsors/ljharb"
			}
		},
		"node_modules/is-arguments": {
			"version": "1.1.0",
			"resolved": "https://registry.npmjs.org/is-arguments/-/is-arguments-1.1.0.tgz",
			"integrity": "sha512-1Ij4lOMPl/xB5kBDn7I+b2ttPMKa8szhEIrXDuXQD/oe3HJLTLhqhgGspwgyGd6MOywBUqVvYicF72lkgDnIHg==",
			"dev": true,
			"dependencies": {
				"call-bind": "^1.0.0"
			},
			"engines": {
				"node": ">= 0.4"
			},
			"funding": {
				"url": "https://github.com/sponsors/ljharb"
			}
		},
		"node_modules/is-date-object": {
			"version": "1.0.4",
			"resolved": "https://registry.npmjs.org/is-date-object/-/is-date-object-1.0.4.tgz",
			"integrity": "sha512-/b4ZVsG7Z5XVtIxs/h9W8nvfLgSAyKYdtGWQLbqy6jA1icmgjf8WCoTKgeS4wy5tYaPePouzFMANbnj94c2Z+A==",
			"dev": true,
			"engines": {
				"node": ">= 0.4"
			},
			"funding": {
				"url": "https://github.com/sponsors/ljharb"
			}
		},
		"node_modules/is-regex": {
			"version": "1.1.3",
			"resolved": "https://registry.npmjs.org/is-regex/-/is-regex-1.1.3.tgz",
			"integrity": "sha512-qSVXFz28HM7y+IWX6vLCsexdlvzT1PJNFSBuaQLQ5o0IEw8UDYW6/2+eCMVyIsbM8CNLX2a/QWmSpyxYEHY7CQ==",
			"dev": true,
			"dependencies": {
				"call-bind": "^1.0.2",
				"has-symbols": "^1.0.2"
			},
			"engines": {
				"node": ">= 0.4"
			},
			"funding": {
				"url": "https://github.com/sponsors/ljharb"
			}
		},
		"node_modules/object-is": {
			"version": "1.1.5",
			"resolved": "https://registry.npmjs.org/object-is/-/object-is-1.1.5.tgz",
			"integrity": "sha512-3cyDsyHgtmi7I7DfSSI2LDp6SK2lwvtbg0p0R1e0RvTqF5ceGx+K2dfSjm1bKDMVCFEDAQvy+o8c6a7VujOddw==",
			"dev": true,
			"dependencies": {
				"call-bind": "^1.0.2",
				"define-properties": "^1.1.3"
			},
			"engines": {
				"node": ">= 0.4"
			},
			"funding": {
				"url": "https://github.com/sponsors/ljharb"
			}
		},
		"node_modules/object-keys": {
			"version": "1.1.1",
			"resolved": "https://registry.npmjs.org/object-keys/-/object-keys-1.1.1.tgz",
			"integrity": "sha512-NuAESUOUMrlIXOfHKzD6bpPu3tYt3xvjNdRIQ+FeT0lNb4K8WR70CaDxhuNguS2XG+GjkyMwOzsN5ZktImfhLA==",
			"dev": true,
			"engines": {
				"node": ">= 0.4"
			}
		},
		"node_modules/quickselect": {
			"version": "1.1.1",
			"resolved": "https://registry.npmjs.org/quickselect/-/quickselect-1.1.1.tgz",
			"integrity": "sha512-qN0Gqdw4c4KGPsBOQafj6yj/PA6c/L63f6CaZ/DCF/xF4Esu3jVmKLUDYxghFx8Kb/O7y9tI7x2RjTSXwdK1iQ==",
			"dev": true
		},
		"node_modules/rbush": {
			"version": "2.0.2",
			"resolved": "https://registry.npmjs.org/rbush/-/rbush-2.0.2.tgz",
			"integrity": "sha512-XBOuALcTm+O/H8G90b6pzu6nX6v2zCKiFG4BJho8a+bY6AER6t8uQUZdi5bomQc0AprCWhEGa7ncAbbRap0bRA==",
			"dev": true,
			"dependencies": {
				"quickselect": "^1.0.1"
			}
		},
		"node_modules/regexp.prototype.flags": {
			"version": "1.3.1",
			"resolved": "https://registry.npmjs.org/regexp.prototype.flags/-/regexp.prototype.flags-1.3.1.tgz",
			"integrity": "sha512-JiBdRBq91WlY7uRJ0ds7R+dU02i6LKi8r3BuQhNXn+kmeLN+EfHhfjqMRis1zJxnlu88hq/4dx0P2OP3APRTOA==",
			"dev": true,
			"dependencies": {
				"call-bind": "^1.0.2",
				"define-properties": "^1.1.3"
			},
			"engines": {
				"node": ">= 0.4"
			},
			"funding": {
				"url": "https://github.com/sponsors/ljharb"
			}
		},
		"node_modules/union-subdivided-polygons": {
			"version": "0.9.1",
			"resolved": "https://registry.npmjs.org/union-subdivided-polygons/-/union-subdivided-polygons-0.9.1.tgz",
			"integrity": "sha512-qe1BVS4Btq35sW8kmxKUfSQp81Hcvxvz8oTS/RGdNVG0i5VOv6zaa1HZCWMWzHlP9Kn1NNdmE+UcaEAhwVFt6w==",
			"dependencies": {
				"@turf/bbox": "^6.0.1"
			}
		}
	},
	"dependencies": {
		"@turf/area": {
			"version": "6.3.0",
			"resolved": "https://registry.npmjs.org/@turf/area/-/area-6.3.0.tgz",
			"integrity": "sha512-Y1cYyAQ2fk94npdgOeMF4msc2uabHY1m7A7ntixf1I8rkyDd6/iHh1IMy1QsM+VZXAEwDwsXhu+ZFYd3Jkeg4A==",
			"requires": {
				"@turf/helpers": "^6.3.0",
				"@turf/meta": "^6.3.0"
			}
		},
		"@turf/bbox": {
			"version": "6.3.0",
			"resolved": "https://registry.npmjs.org/@turf/bbox/-/bbox-6.3.0.tgz",
			"integrity": "sha512-N4ue5Xopu1qieSHP2MA/CJGWHPKaTrVXQJjzHRNcY1vtsO126xbSaJhWUrFc5x5vVkXp0dcucGryO0r5m4o/KA==",
			"requires": {
				"@turf/helpers": "^6.3.0",
				"@turf/meta": "^6.3.0"
			}
		},
		"@turf/bearing": {
			"version": "6.3.0",
			"resolved": "https://registry.npmjs.org/@turf/bearing/-/bearing-6.3.0.tgz",
			"integrity": "sha512-apuUm9xN6VQLO33m7F2mmzlm3dHfeesJjMSzh9iehGtgmp1IaVndjdcIvs0ieiwm8bN9UhwXpfPtO3pV0n9SFw==",
			"dev": true,
			"requires": {
				"@turf/helpers": "^6.3.0",
				"@turf/invariant": "^6.3.0"
			}
		},
		"@turf/boolean-crosses": {
			"version": "6.3.0",
			"resolved": "https://registry.npmjs.org/@turf/boolean-crosses/-/boolean-crosses-6.3.0.tgz",
			"integrity": "sha512-ajCuNSSqQPN2p3Y1ERX4E/wEsNn5JANI2uNgGOpVAeNX48prQGCBANcG2FTMMB+WVqq9iIdQ4eB5mEg6I8TS4w==",
			"dev": true,
			"requires": {
				"@turf/boolean-point-in-polygon": "^6.3.0",
				"@turf/helpers": "^6.3.0",
				"@turf/invariant": "^6.3.0",
				"@turf/line-intersect": "^6.3.0",
				"@turf/polygon-to-line": "^6.3.0"
			}
		},
		"@turf/boolean-disjoint": {
			"version": "6.3.0",
			"resolved": "https://registry.npmjs.org/@turf/boolean-disjoint/-/boolean-disjoint-6.3.0.tgz",
			"integrity": "sha512-bVAwAJF05QPH0tf+qjR3kUcCyqTgYcCbXSMgXl6LQF6mSGuOutzNq1gCyRLCOdOcZtw4Oh4dqeP3ykwv8kDibw==",
			"dev": true,
			"requires": {
				"@turf/boolean-point-in-polygon": "^6.3.0",
				"@turf/helpers": "^6.3.0",
				"@turf/line-intersect": "^6.3.0",
				"@turf/meta": "^6.3.0",
				"@turf/polygon-to-line": "^6.3.0"
			}
		},
		"@turf/boolean-overlap": {
			"version": "6.3.0",
			"resolved": "https://registry.npmjs.org/@turf/boolean-overlap/-/boolean-overlap-6.3.0.tgz",
			"integrity": "sha512-rWh8JKTqlJ1m27FY8YeWcGoXutLyCVfSi2/8AOkXi2F+36P9GM4tHz19yKY3btbnHJTgSZf1xO2YhX2d0BmNqg==",
			"dev": true,
			"requires": {
				"@turf/helpers": "^6.3.0",
				"@turf/invariant": "^6.3.0",
				"@turf/line-intersect": "^6.3.0",
				"@turf/line-overlap": "^6.3.0",
				"@turf/meta": "^6.3.0",
				"geojson-equality": "0.1.6"
			}
		},
		"@turf/boolean-point-in-polygon": {
			"version": "6.3.0",
			"resolved": "https://registry.npmjs.org/@turf/boolean-point-in-polygon/-/boolean-point-in-polygon-6.3.0.tgz",
			"integrity": "sha512-NqFSsoE6OwhDK19IllDQRhEQEkF7UVEOlqH9vgS1fGg4T6NcyKvACJs05c9457tL7QSbV9ZS53f2qiLneFL+qg==",
			"dev": true,
			"requires": {
				"@turf/helpers": "^6.3.0",
				"@turf/invariant": "^6.3.0"
			}
		},
		"@turf/boolean-point-on-line": {
			"version": "6.3.0",
			"resolved": "https://registry.npmjs.org/@turf/boolean-point-on-line/-/boolean-point-on-line-6.3.0.tgz",
			"integrity": "sha512-eScH8sfKJVjfbEX5Hgkt1nA7A8DUoiYD1riUVqTp2xikujrMfnYRjFpL/UAo01v33cPKZlhCXp7NE86bdOSrYg==",
			"dev": true,
			"requires": {
				"@turf/helpers": "^6.3.0",
				"@turf/invariant": "^6.3.0"
			}
		},
		"@turf/boolean-valid": {
			"version": "6.3.0",
			"resolved": "https://registry.npmjs.org/@turf/boolean-valid/-/boolean-valid-6.3.0.tgz",
			"integrity": "sha512-cfnQpHxKkw7J+FZfnpAe/+chBHnG2C+FfGjuBnASvL07ZC3mLNmeepJLuEY4AelldORygwXP2gZRCrsTcQOTYg==",
			"dev": true,
			"requires": {
				"@turf/bbox": "^6.3.0",
				"@turf/boolean-crosses": "^6.3.0",
				"@turf/boolean-overlap": "^6.3.0",
				"@turf/boolean-point-in-polygon": "^6.3.0",
				"@turf/boolean-point-on-line": "^6.3.0",
				"@turf/helpers": "^6.3.0",
				"@turf/invariant": "^6.3.0",
				"@turf/line-intersect": "^6.3.0",
				"geojson-polygon-self-intersections": "1.2.x"
			}
		},
		"@turf/combine": {
			"version": "6.3.0",
			"resolved": "https://registry.npmjs.org/@turf/combine/-/combine-6.3.0.tgz",
			"integrity": "sha512-/FKUxUvQhKDDBJ4CTr49rvanYbdrtlsbr+7p6H8Vv0EyfeWqwJ3qA8lRuAjPtK0StviYg2t6XTucvKd/3PPX3Q==",
			"requires": {
				"@turf/helpers": "^6.3.0",
				"@turf/meta": "^6.3.0"
			}
		},
		"@turf/destination": {
			"version": "6.3.0",
			"resolved": "https://registry.npmjs.org/@turf/destination/-/destination-6.3.0.tgz",
			"integrity": "sha512-aLt3U/XkJWyZW08Ln1qZwBNAGh27yhmYLu892+dBj3gKP6UUiR6ZopXxrBwjBVe00A6k2ktftKDn79qe0hptuw==",
			"dev": true,
			"requires": {
				"@turf/helpers": "^6.3.0",
				"@turf/invariant": "^6.3.0"
			}
		},
		"@turf/distance": {
			"version": "6.3.0",
			"resolved": "https://registry.npmjs.org/@turf/distance/-/distance-6.3.0.tgz",
			"integrity": "sha512-basi24ssNFnH3iXPFjp/aNUrukjObiFWoIyDRqKyBJxVwVOwAWvfk4d38QQyBj5nDo5IahYRq/Q+T47/5hSs9w==",
			"dev": true,
			"requires": {
				"@turf/helpers": "^6.3.0",
				"@turf/invariant": "^6.3.0"
			}
		},
		"@turf/flatten": {
			"version": "6.3.0",
			"resolved": "https://registry.npmjs.org/@turf/flatten/-/flatten-6.3.0.tgz",
			"integrity": "sha512-0V3qxOGqb0NulEpADPCs/+i/AUQuNSChGA4oy/YGicfMHjnMNapZfOVg3LJEAkd/Kqpw2eJjjKe0gaX5aXo/1w==",
			"requires": {
				"@turf/helpers": "^6.3.0",
				"@turf/meta": "^6.3.0"
			}
		},
		"@turf/helpers": {
			"version": "6.3.0",
			"resolved": "https://registry.npmjs.org/@turf/helpers/-/helpers-6.3.0.tgz",
			"integrity": "sha512-kr6KuD4Z0GZ30tblTEvi90rvvVNlKieXuMC8CTzE/rVQb0/f/Cb29zCXxTD7giQTEQY/P2nRW23wEqqyNHulCg=="
		},
		"@turf/invariant": {
			"version": "6.3.0",
			"resolved": "https://registry.npmjs.org/@turf/invariant/-/invariant-6.3.0.tgz",
			"integrity": "sha512-2OFOi9p+QOrcIMySEnr+WlOiKaFZ1bY56jA98YyECewJHfhPFWUBZEhc4nWGRT0ahK08Vus9+gcuBX8QIpCIIw==",
			"requires": {
				"@turf/helpers": "^6.3.0"
			}
		},
		"@turf/line-intersect": {
			"version": "6.3.0",
			"resolved": "https://registry.npmjs.org/@turf/line-intersect/-/line-intersect-6.3.0.tgz",
			"integrity": "sha512-3naxR7XpkPd2vst3Mw6DFry4C9m3o0/f2n/xu5UAyxb88Ie4m2k+1eqkhzMMx/0L+E6iThWpLx7DASM6q6o9ow==",
			"dev": true,
			"requires": {
				"@turf/helpers": "^6.3.0",
				"@turf/invariant": "^6.3.0",
				"@turf/line-segment": "^6.3.0",
				"@turf/meta": "^6.3.0",
				"geojson-rbush": "3.x"
			}
		},
		"@turf/line-overlap": {
			"version": "6.3.0",
			"resolved": "https://registry.npmjs.org/@turf/line-overlap/-/line-overlap-6.3.0.tgz",
			"integrity": "sha512-fVyXfTpr/A+ZXZWG6PbuYz5rAGbTQWyrMZveCl2049SbOXSkVXGjUfpnLaklP0p+adw7eRR0LhZn6FGz9CQaFg==",
			"dev": true,
			"requires": {
				"@turf/boolean-point-on-line": "^6.3.0",
				"@turf/helpers": "^6.3.0",
				"@turf/invariant": "^6.3.0",
				"@turf/line-segment": "^6.3.0",
				"@turf/meta": "^6.3.0",
				"@turf/nearest-point-on-line": "^6.3.0",
				"deep-equal": "1.x",
				"geojson-rbush": "3.x"
			}
		},
		"@turf/line-segment": {
			"version": "6.3.0",
			"resolved": "https://registry.npmjs.org/@turf/line-segment/-/line-segment-6.3.0.tgz",
			"integrity": "sha512-M+aDy83V+E7jYWNaf+b+A88yhnMrJhyg/lhAj6mU6UeB2PbruXB2qgSmmVDSE2dIknOvZZuIWNzEzUI07RO2kw==",
			"dev": true,
			"requires": {
				"@turf/helpers": "^6.3.0",
				"@turf/invariant": "^6.3.0",
				"@turf/meta": "^6.3.0"
			}
		},
		"@turf/meta": {
			"version": "6.3.0",
			"resolved": "https://registry.npmjs.org/@turf/meta/-/meta-6.3.0.tgz",
			"integrity": "sha512-qBJjaAJS9H3ap0HlGXyF/Bzfl0qkA9suafX/jnDsZvWMfVLt+s+o6twKrXOGk5t7nnNON2NFRC8+czxpu104EQ==",
			"requires": {
				"@turf/helpers": "^6.3.0"
			}
		},
		"@turf/nearest-point-on-line": {
			"version": "6.3.0",
			"resolved": "https://registry.npmjs.org/@turf/nearest-point-on-line/-/nearest-point-on-line-6.3.0.tgz",
			"integrity": "sha512-b4C9Md1VbGn9chMgdSj2grJD4w4t0owEWOKEBwOZfdhrcksyOedVvKB7XqOFdj/8Jitel40EKAC5LQTNu24kEQ==",
			"dev": true,
			"requires": {
				"@turf/bearing": "^6.3.0",
				"@turf/destination": "^6.3.0",
				"@turf/distance": "^6.3.0",
				"@turf/helpers": "^6.3.0",
				"@turf/invariant": "^6.3.0",
				"@turf/line-intersect": "^6.3.0",
				"@turf/meta": "^6.3.0"
			}
		},
		"@turf/polygon-to-line": {
			"version": "6.3.0",
			"resolved": "https://registry.npmjs.org/@turf/polygon-to-line/-/polygon-to-line-6.3.0.tgz",
			"integrity": "sha512-KFGlQlGOBayBvELz+tip1zCa3eB8xyZePZUZ3I3OnU7mk0FFzJzvLTmPUc7MupgqORT4LkNGmyKSVWaz38NTig==",
			"dev": true,
			"requires": {
				"@turf/helpers": "^6.3.0",
				"@turf/invariant": "^6.3.0"
			}
		},
		"call-bind": {
			"version": "1.0.2",
			"resolved": "https://registry.npmjs.org/call-bind/-/call-bind-1.0.2.tgz",
			"integrity": "sha512-7O+FbCihrB5WGbFYesctwmTKae6rOiIzmz1icreWJ+0aA7LJfuqhEso2T9ncpcFtzMQtzXf2QGGueWJGTYsqrA==",
			"dev": true,
			"requires": {
				"function-bind": "^1.1.1",
				"get-intrinsic": "^1.0.2"
			}
		},
		"deep-equal": {
			"version": "1.1.1",
			"resolved": "https://registry.npmjs.org/deep-equal/-/deep-equal-1.1.1.tgz",
			"integrity": "sha512-yd9c5AdiqVcR+JjcwUQb9DkhJc8ngNr0MahEBGvDiJw8puWab2yZlh+nkasOnZP+EGTAP6rRp2JzJhJZzvNF8g==",
			"dev": true,
			"requires": {
				"is-arguments": "^1.0.4",
				"is-date-object": "^1.0.1",
				"is-regex": "^1.0.4",
				"object-is": "^1.0.1",
				"object-keys": "^1.1.1",
				"regexp.prototype.flags": "^1.2.0"
			}
		},
		"define-properties": {
			"version": "1.1.3",
			"resolved": "https://registry.npmjs.org/define-properties/-/define-properties-1.1.3.tgz",
			"integrity": "sha512-3MqfYKj2lLzdMSf8ZIZE/V+Zuy+BgD6f164e8K2w7dgnpKArBDerGYpM46IYYcjnkdPNMjPk9A6VFB8+3SKlXQ==",
			"dev": true,
			"requires": {
				"object-keys": "^1.0.12"
			}
		},
		"function-bind": {
			"version": "1.1.1",
			"resolved": "https://registry.npmjs.org/function-bind/-/function-bind-1.1.1.tgz",
			"integrity": "sha512-yIovAzMX49sF8Yl58fSCWJ5svSLuaibPxXQJFLmBObTuCr0Mf1KiPopGM9NiFjiYBCbfaa2Fh6breQ6ANVTI0A==",
			"dev": true
		},
		"geojson-equality": {
			"version": "0.1.6",
			"resolved": "https://registry.npmjs.org/geojson-equality/-/geojson-equality-0.1.6.tgz",
			"integrity": "sha1-oXE3TvBD5dR5eZWEC65GSOB1LXI=",
			"dev": true,
			"requires": {
				"deep-equal": "^1.0.0"
			}
		},
		"geojson-polygon-self-intersections": {
			"version": "1.2.1",
			"resolved": "https://registry.npmjs.org/geojson-polygon-self-intersections/-/geojson-polygon-self-intersections-1.2.1.tgz",
			"integrity": "sha512-/QM1b5u2d172qQVO//9CGRa49jEmclKEsYOQmWP9ooEjj63tBM51m2805xsbxkzlEELQ2REgTf700gUhhlegxA==",
			"dev": true,
			"requires": {
				"rbush": "^2.0.1"
			}
		},
		"geojson-rbush": {
			"version": "3.1.2",
			"resolved": "https://registry.npmjs.org/geojson-rbush/-/geojson-rbush-3.1.2.tgz",
			"integrity": "sha512-grkfdg3HIeTjwTfiJe5FT8+fGU3fABCc+vRJDBwdQz9kkLF0Sbif2gs2JUzjewwgmnvLGy9fInySDeADoNuk7w==",
			"dev": true,
			"requires": {
				"@turf/bbox": "*",
				"@turf/helpers": "6.x",
				"@turf/meta": "6.x",
				"rbush": "^2.0.0"
			}
		},
		"get-intrinsic": {
			"version": "1.1.1",
			"resolved": "https://registry.npmjs.org/get-intrinsic/-/get-intrinsic-1.1.1.tgz",
			"integrity": "sha512-kWZrnVM42QCiEA2Ig1bG8zjoIMOgxWwYCEeNdwY6Tv/cOSeGpcoX4pXHfKUxNKVoArnrEr2e9srnAxxGIraS9Q==",
			"dev": true,
			"requires": {
				"function-bind": "^1.1.1",
				"has": "^1.0.3",
				"has-symbols": "^1.0.1"
			}
		},
		"has": {
			"version": "1.0.3",
			"resolved": "https://registry.npmjs.org/has/-/has-1.0.3.tgz",
			"integrity": "sha512-f2dvO0VU6Oej7RkWJGrehjbzMAjFp5/VKPp5tTpWIV4JHHZK1/BxbFRtf/siA2SWTe09caDmVtYYzWEIbBS4zw==",
			"dev": true,
			"requires": {
				"function-bind": "^1.1.1"
			}
		},
		"has-symbols": {
			"version": "1.0.2",
			"resolved": "https://registry.npmjs.org/has-symbols/-/has-symbols-1.0.2.tgz",
			"integrity": "sha512-chXa79rL/UC2KlX17jo3vRGz0azaWEx5tGqZg5pO3NUyEJVB17dMruQlzCCOfUvElghKcm5194+BCRvi2Rv/Gw==",
			"dev": true
		},
		"is-arguments": {
			"version": "1.1.0",
			"resolved": "https://registry.npmjs.org/is-arguments/-/is-arguments-1.1.0.tgz",
			"integrity": "sha512-1Ij4lOMPl/xB5kBDn7I+b2ttPMKa8szhEIrXDuXQD/oe3HJLTLhqhgGspwgyGd6MOywBUqVvYicF72lkgDnIHg==",
			"dev": true,
			"requires": {
				"call-bind": "^1.0.0"
			}
		},
		"is-date-object": {
			"version": "1.0.4",
			"resolved": "https://registry.npmjs.org/is-date-object/-/is-date-object-1.0.4.tgz",
			"integrity": "sha512-/b4ZVsG7Z5XVtIxs/h9W8nvfLgSAyKYdtGWQLbqy6jA1icmgjf8WCoTKgeS4wy5tYaPePouzFMANbnj94c2Z+A==",
			"dev": true
		},
		"is-regex": {
			"version": "1.1.3",
			"resolved": "https://registry.npmjs.org/is-regex/-/is-regex-1.1.3.tgz",
			"integrity": "sha512-qSVXFz28HM7y+IWX6vLCsexdlvzT1PJNFSBuaQLQ5o0IEw8UDYW6/2+eCMVyIsbM8CNLX2a/QWmSpyxYEHY7CQ==",
			"dev": true,
			"requires": {
				"call-bind": "^1.0.2",
				"has-symbols": "^1.0.2"
			}
		},
		"object-is": {
			"version": "1.1.5",
			"resolved": "https://registry.npmjs.org/object-is/-/object-is-1.1.5.tgz",
			"integrity": "sha512-3cyDsyHgtmi7I7DfSSI2LDp6SK2lwvtbg0p0R1e0RvTqF5ceGx+K2dfSjm1bKDMVCFEDAQvy+o8c6a7VujOddw==",
			"dev": true,
			"requires": {
				"call-bind": "^1.0.2",
				"define-properties": "^1.1.3"
			}
		},
		"object-keys": {
			"version": "1.1.1",
			"resolved": "https://registry.npmjs.org/object-keys/-/object-keys-1.1.1.tgz",
			"integrity": "sha512-NuAESUOUMrlIXOfHKzD6bpPu3tYt3xvjNdRIQ+FeT0lNb4K8WR70CaDxhuNguS2XG+GjkyMwOzsN5ZktImfhLA==",
			"dev": true
		},
		"quickselect": {
			"version": "1.1.1",
			"resolved": "https://registry.npmjs.org/quickselect/-/quickselect-1.1.1.tgz",
			"integrity": "sha512-qN0Gqdw4c4KGPsBOQafj6yj/PA6c/L63f6CaZ/DCF/xF4Esu3jVmKLUDYxghFx8Kb/O7y9tI7x2RjTSXwdK1iQ==",
			"dev": true
		},
		"rbush": {
			"version": "2.0.2",
			"resolved": "https://registry.npmjs.org/rbush/-/rbush-2.0.2.tgz",
			"integrity": "sha512-XBOuALcTm+O/H8G90b6pzu6nX6v2zCKiFG4BJho8a+bY6AER6t8uQUZdi5bomQc0AprCWhEGa7ncAbbRap0bRA==",
			"dev": true,
			"requires": {
				"quickselect": "^1.0.1"
			}
		},
		"regexp.prototype.flags": {
			"version": "1.3.1",
			"resolved": "https://registry.npmjs.org/regexp.prototype.flags/-/regexp.prototype.flags-1.3.1.tgz",
			"integrity": "sha512-JiBdRBq91WlY7uRJ0ds7R+dU02i6LKi8r3BuQhNXn+kmeLN+EfHhfjqMRis1zJxnlu88hq/4dx0P2OP3APRTOA==",
			"dev": true,
			"requires": {
				"call-bind": "^1.0.2",
				"define-properties": "^1.1.3"
			}
		},
		"union-subdivided-polygons": {
			"version": "0.9.1",
			"resolved": "https://registry.npmjs.org/union-subdivided-polygons/-/union-subdivided-polygons-0.9.1.tgz",
			"integrity": "sha512-qe1BVS4Btq35sW8kmxKUfSQp81Hcvxvz8oTS/RGdNVG0i5VOv6zaa1HZCWMWzHlP9Kn1NNdmE+UcaEAhwVFt6w==",
			"requires": {
				"@turf/bbox": "^6.0.1"
			}
		}
	}
}
