{
	"name": "@seasketch/template-blank-project",
	"version": "3.0.0",
	"lockfileVersion": 2,
	"requires": true,
	"packages": {
		"": {
			"name": "@seasketch/template-blank-project",
			"version": "3.0.0",
			"license": "BSD-3-Clause",
			"dependencies": {
				"@turf/area": "^6.5.0",
				"@turf/bbox": "^6.5.0",
				"@turf/combine": "^6.5.0",
				"@turf/flatten": "^6.5.0",
				"@turf/invariant": "^6.5.0",
				"@turf/kinks": "^6.5.0",
				"i18next-browser-languagedetector": "^7.0.1",
				"react-i18next": "^12.2.0",
				"union-subdivided-polygons": "^0.9.1"
			},
			"devDependencies": {
				"@turf/boolean-disjoint": "^6.5.0",
				"@turf/boolean-valid": "^6.5.0"
			}
		},
		"node_modules/@babel/runtime": {
			"version": "7.22.5",
			"resolved": "https://registry.npmjs.org/@babel/runtime/-/runtime-7.22.5.tgz",
			"integrity": "sha512-ecjvYlnAaZ/KVneE/OdKYBYfgXV3Ptu6zQWmgEF7vwKhQnvVS6bjMD2XYgj+SNvQ1GfK/pjgokfPkC/2CO8CuA==",
			"dependencies": {
				"regenerator-runtime": "^0.13.11"
			},
			"engines": {
				"node": ">=6.9.0"
			}
		},
		"node_modules/@turf/area": {
			"version": "6.5.0",
			"resolved": "https://registry.npmjs.org/@turf/area/-/area-6.5.0.tgz",
			"integrity": "sha512-xCZdiuojokLbQ+29qR6qoMD89hv+JAgWjLrwSEWL+3JV8IXKeNFl6XkEJz9HGkVpnXvQKJoRz4/liT+8ZZ5Jyg==",
			"dependencies": {
				"@turf/helpers": "^6.5.0",
				"@turf/meta": "^6.5.0"
			},
			"funding": {
				"url": "https://opencollective.com/turf"
			}
		},
		"node_modules/@turf/bbox": {
			"version": "6.5.0",
			"resolved": "https://registry.npmjs.org/@turf/bbox/-/bbox-6.5.0.tgz",
			"integrity": "sha512-RBbLaao5hXTYyyg577iuMtDB8ehxMlUqHEJiMs8jT1GHkFhr6sYre3lmLsPeYEi/ZKj5TP5tt7fkzNdJ4GIVyw==",
			"dependencies": {
				"@turf/helpers": "^6.5.0",
				"@turf/meta": "^6.5.0"
			},
			"funding": {
				"url": "https://opencollective.com/turf"
			}
		},
		"node_modules/@turf/bearing": {
			"version": "6.5.0",
			"resolved": "https://registry.npmjs.org/@turf/bearing/-/bearing-6.5.0.tgz",
			"integrity": "sha512-dxINYhIEMzgDOztyMZc20I7ssYVNEpSv04VbMo5YPQsqa80KO3TFvbuCahMsCAW5z8Tncc8dwBlEFrmRjJG33A==",
			"dev": true,
			"dependencies": {
				"@turf/helpers": "^6.5.0",
				"@turf/invariant": "^6.5.0"
			},
			"funding": {
				"url": "https://opencollective.com/turf"
			}
		},
		"node_modules/@turf/boolean-crosses": {
			"version": "6.5.0",
			"resolved": "https://registry.npmjs.org/@turf/boolean-crosses/-/boolean-crosses-6.5.0.tgz",
			"integrity": "sha512-gvshbTPhAHporTlQwBJqyfW+2yV8q/mOTxG6PzRVl6ARsqNoqYQWkd4MLug7OmAqVyBzLK3201uAeBjxbGw0Ng==",
			"dev": true,
			"dependencies": {
				"@turf/boolean-point-in-polygon": "^6.5.0",
				"@turf/helpers": "^6.5.0",
				"@turf/invariant": "^6.5.0",
				"@turf/line-intersect": "^6.5.0",
				"@turf/polygon-to-line": "^6.5.0"
			},
			"funding": {
				"url": "https://opencollective.com/turf"
			}
		},
		"node_modules/@turf/boolean-disjoint": {
			"version": "6.5.0",
			"resolved": "https://registry.npmjs.org/@turf/boolean-disjoint/-/boolean-disjoint-6.5.0.tgz",
			"integrity": "sha512-rZ2ozlrRLIAGo2bjQ/ZUu4oZ/+ZjGvLkN5CKXSKBcu6xFO6k2bgqeM8a1836tAW+Pqp/ZFsTA5fZHsJZvP2D5g==",
			"dev": true,
			"dependencies": {
				"@turf/boolean-point-in-polygon": "^6.5.0",
				"@turf/helpers": "^6.5.0",
				"@turf/line-intersect": "^6.5.0",
				"@turf/meta": "^6.5.0",
				"@turf/polygon-to-line": "^6.5.0"
			},
			"funding": {
				"url": "https://opencollective.com/turf"
			}
		},
		"node_modules/@turf/boolean-overlap": {
			"version": "6.5.0",
			"resolved": "https://registry.npmjs.org/@turf/boolean-overlap/-/boolean-overlap-6.5.0.tgz",
			"integrity": "sha512-8btMIdnbXVWUa1M7D4shyaSGxLRw6NjMcqKBcsTXcZdnaixl22k7ar7BvIzkaRYN3SFECk9VGXfLncNS3ckQUw==",
			"dev": true,
			"dependencies": {
				"@turf/helpers": "^6.5.0",
				"@turf/invariant": "^6.5.0",
				"@turf/line-intersect": "^6.5.0",
				"@turf/line-overlap": "^6.5.0",
				"@turf/meta": "^6.5.0",
				"geojson-equality": "0.1.6"
			},
			"funding": {
				"url": "https://opencollective.com/turf"
			}
		},
		"node_modules/@turf/boolean-point-in-polygon": {
			"version": "6.5.0",
			"resolved": "https://registry.npmjs.org/@turf/boolean-point-in-polygon/-/boolean-point-in-polygon-6.5.0.tgz",
			"integrity": "sha512-DtSuVFB26SI+hj0SjrvXowGTUCHlgevPAIsukssW6BG5MlNSBQAo70wpICBNJL6RjukXg8d2eXaAWuD/CqL00A==",
			"dev": true,
			"dependencies": {
				"@turf/helpers": "^6.5.0",
				"@turf/invariant": "^6.5.0"
			},
			"funding": {
				"url": "https://opencollective.com/turf"
			}
		},
		"node_modules/@turf/boolean-point-on-line": {
			"version": "6.5.0",
			"resolved": "https://registry.npmjs.org/@turf/boolean-point-on-line/-/boolean-point-on-line-6.5.0.tgz",
			"integrity": "sha512-A1BbuQ0LceLHvq7F/P7w3QvfpmZqbmViIUPHdNLvZimFNLo4e6IQunmzbe+8aSStH9QRZm3VOflyvNeXvvpZEQ==",
			"dev": true,
			"dependencies": {
				"@turf/helpers": "^6.5.0",
				"@turf/invariant": "^6.5.0"
			},
			"funding": {
				"url": "https://opencollective.com/turf"
			}
		},
		"node_modules/@turf/boolean-valid": {
			"version": "6.5.0",
			"resolved": "https://registry.npmjs.org/@turf/boolean-valid/-/boolean-valid-6.5.0.tgz",
			"integrity": "sha512-v1ineelL5l/S/9D38dL55oThyrLf49a4hnjnoKx2Udp0NbJ5JxCleVFVMSkdq7ArVkPHwW6WkNGdOm2IYyBBMw==",
			"dev": true,
			"dependencies": {
				"@turf/bbox": "^6.5.0",
				"@turf/boolean-crosses": "^6.5.0",
				"@turf/boolean-disjoint": "^6.5.0",
				"@turf/boolean-overlap": "^6.5.0",
				"@turf/boolean-point-in-polygon": "^6.5.0",
				"@turf/boolean-point-on-line": "^6.5.0",
				"@turf/helpers": "^6.5.0",
				"@turf/invariant": "^6.5.0",
				"@turf/line-intersect": "^6.5.0",
				"geojson-polygon-self-intersections": "1.2.x"
			},
			"funding": {
				"url": "https://opencollective.com/turf"
			}
		},
		"node_modules/@turf/combine": {
			"version": "6.5.0",
			"resolved": "https://registry.npmjs.org/@turf/combine/-/combine-6.5.0.tgz",
			"integrity": "sha512-Q8EIC4OtAcHiJB3C4R+FpB4LANiT90t17uOd851qkM2/o6m39bfN5Mv0PWqMZIHWrrosZqRqoY9dJnzz/rJxYQ==",
			"dependencies": {
				"@turf/helpers": "^6.5.0",
				"@turf/meta": "^6.5.0"
			},
			"funding": {
				"url": "https://opencollective.com/turf"
			}
		},
		"node_modules/@turf/destination": {
			"version": "6.5.0",
			"resolved": "https://registry.npmjs.org/@turf/destination/-/destination-6.5.0.tgz",
			"integrity": "sha512-4cnWQlNC8d1tItOz9B4pmJdWpXqS0vEvv65bI/Pj/genJnsL7evI0/Xw42RvEGROS481MPiU80xzvwxEvhQiMQ==",
			"dev": true,
			"dependencies": {
				"@turf/helpers": "^6.5.0",
				"@turf/invariant": "^6.5.0"
			},
			"funding": {
				"url": "https://opencollective.com/turf"
			}
		},
		"node_modules/@turf/distance": {
			"version": "6.5.0",
			"resolved": "https://registry.npmjs.org/@turf/distance/-/distance-6.5.0.tgz",
			"integrity": "sha512-xzykSLfoURec5qvQJcfifw/1mJa+5UwByZZ5TZ8iaqjGYN0vomhV9aiSLeYdUGtYRESZ+DYC/OzY+4RclZYgMg==",
			"dev": true,
			"dependencies": {
				"@turf/helpers": "^6.5.0",
				"@turf/invariant": "^6.5.0"
			},
			"funding": {
				"url": "https://opencollective.com/turf"
			}
		},
		"node_modules/@turf/flatten": {
			"version": "6.5.0",
			"resolved": "https://registry.npmjs.org/@turf/flatten/-/flatten-6.5.0.tgz",
			"integrity": "sha512-IBZVwoNLVNT6U/bcUUllubgElzpMsNoCw8tLqBw6dfYg9ObGmpEjf9BIYLr7a2Yn5ZR4l7YIj2T7kD5uJjZADQ==",
			"dependencies": {
				"@turf/helpers": "^6.5.0",
				"@turf/meta": "^6.5.0"
			},
			"funding": {
				"url": "https://opencollective.com/turf"
			}
		},
		"node_modules/@turf/helpers": {
			"version": "6.5.0",
			"resolved": "https://registry.npmjs.org/@turf/helpers/-/helpers-6.5.0.tgz",
			"integrity": "sha512-VbI1dV5bLFzohYYdgqwikdMVpe7pJ9X3E+dlr425wa2/sMJqYDhTO++ec38/pcPvPE6oD9WEEeU3Xu3gza+VPw==",
			"funding": {
				"url": "https://opencollective.com/turf"
			}
		},
		"node_modules/@turf/invariant": {
			"version": "6.5.0",
			"resolved": "https://registry.npmjs.org/@turf/invariant/-/invariant-6.5.0.tgz",
			"integrity": "sha512-Wv8PRNCtPD31UVbdJE/KVAWKe7l6US+lJItRR/HOEW3eh+U/JwRCSUl/KZ7bmjM/C+zLNoreM2TU6OoLACs4eg==",
			"dependencies": {
				"@turf/helpers": "^6.5.0"
			},
			"funding": {
				"url": "https://opencollective.com/turf"
			}
		},
		"node_modules/@turf/kinks": {
			"version": "6.5.0",
			"resolved": "https://registry.npmjs.org/@turf/kinks/-/kinks-6.5.0.tgz",
			"integrity": "sha512-ViCngdPt1eEL7hYUHR2eHR662GvCgTc35ZJFaNR6kRtr6D8plLaDju0FILeFFWSc+o8e3fwxZEJKmFj9IzPiIQ==",
			"dependencies": {
				"@turf/helpers": "^6.5.0"
			},
			"funding": {
				"url": "https://opencollective.com/turf"
			}
		},
		"node_modules/@turf/line-intersect": {
			"version": "6.5.0",
			"resolved": "https://registry.npmjs.org/@turf/line-intersect/-/line-intersect-6.5.0.tgz",
			"integrity": "sha512-CS6R1tZvVQD390G9Ea4pmpM6mJGPWoL82jD46y0q1KSor9s6HupMIo1kY4Ny+AEYQl9jd21V3Scz20eldpbTVA==",
			"dev": true,
			"dependencies": {
				"@turf/helpers": "^6.5.0",
				"@turf/invariant": "^6.5.0",
				"@turf/line-segment": "^6.5.0",
				"@turf/meta": "^6.5.0",
				"geojson-rbush": "3.x"
			},
			"funding": {
				"url": "https://opencollective.com/turf"
			}
		},
		"node_modules/@turf/line-overlap": {
			"version": "6.5.0",
			"resolved": "https://registry.npmjs.org/@turf/line-overlap/-/line-overlap-6.5.0.tgz",
			"integrity": "sha512-xHOaWLd0hkaC/1OLcStCpfq55lPHpPNadZySDXYiYjEz5HXr1oKmtMYpn0wGizsLwrOixRdEp+j7bL8dPt4ojQ==",
			"dev": true,
			"dependencies": {
				"@turf/boolean-point-on-line": "^6.5.0",
				"@turf/helpers": "^6.5.0",
				"@turf/invariant": "^6.5.0",
				"@turf/line-segment": "^6.5.0",
				"@turf/meta": "^6.5.0",
				"@turf/nearest-point-on-line": "^6.5.0",
				"deep-equal": "1.x",
				"geojson-rbush": "3.x"
			},
			"funding": {
				"url": "https://opencollective.com/turf"
			}
		},
		"node_modules/@turf/line-segment": {
			"version": "6.5.0",
			"resolved": "https://registry.npmjs.org/@turf/line-segment/-/line-segment-6.5.0.tgz",
			"integrity": "sha512-jI625Ho4jSuJESNq66Mmi290ZJ5pPZiQZruPVpmHkUw257Pew0alMmb6YrqYNnLUuiVVONxAAKXUVeeUGtycfw==",
			"dev": true,
			"dependencies": {
				"@turf/helpers": "^6.5.0",
				"@turf/invariant": "^6.5.0",
				"@turf/meta": "^6.5.0"
			},
			"funding": {
				"url": "https://opencollective.com/turf"
			}
		},
		"node_modules/@turf/meta": {
			"version": "6.5.0",
			"resolved": "https://registry.npmjs.org/@turf/meta/-/meta-6.5.0.tgz",
			"integrity": "sha512-RrArvtsV0vdsCBegoBtOalgdSOfkBrTJ07VkpiCnq/491W67hnMWmDu7e6Ztw0C3WldRYTXkg3SumfdzZxLBHA==",
			"dependencies": {
				"@turf/helpers": "^6.5.0"
			},
			"funding": {
				"url": "https://opencollective.com/turf"
			}
		},
		"node_modules/@turf/nearest-point-on-line": {
			"version": "6.5.0",
			"resolved": "https://registry.npmjs.org/@turf/nearest-point-on-line/-/nearest-point-on-line-6.5.0.tgz",
			"integrity": "sha512-WthrvddddvmymnC+Vf7BrkHGbDOUu6Z3/6bFYUGv1kxw8tiZ6n83/VG6kHz4poHOfS0RaNflzXSkmCi64fLBlg==",
			"dev": true,
			"dependencies": {
				"@turf/bearing": "^6.5.0",
				"@turf/destination": "^6.5.0",
				"@turf/distance": "^6.5.0",
				"@turf/helpers": "^6.5.0",
				"@turf/invariant": "^6.5.0",
				"@turf/line-intersect": "^6.5.0",
				"@turf/meta": "^6.5.0"
			},
			"funding": {
				"url": "https://opencollective.com/turf"
			}
		},
		"node_modules/@turf/polygon-to-line": {
			"version": "6.5.0",
			"resolved": "https://registry.npmjs.org/@turf/polygon-to-line/-/polygon-to-line-6.5.0.tgz",
			"integrity": "sha512-5p4n/ij97EIttAq+ewSnKt0ruvuM+LIDzuczSzuHTpq4oS7Oq8yqg5TQ4nzMVuK41r/tALCk7nAoBuw3Su4Gcw==",
			"dev": true,
			"dependencies": {
				"@turf/helpers": "^6.5.0",
				"@turf/invariant": "^6.5.0"
			},
			"funding": {
				"url": "https://opencollective.com/turf"
			}
		},
		"node_modules/@types/geojson": {
			"version": "7946.0.8",
			"resolved": "https://registry.npmjs.org/@types/geojson/-/geojson-7946.0.8.tgz",
			"integrity": "sha512-1rkryxURpr6aWP7R786/UQOkJ3PcpQiWkAXBmdWc7ryFWqN6a4xfK7BtjXvFBKO9LjQ+MWQSWxYeZX1OApnArA==",
			"dev": true
		},
		"node_modules/call-bind": {
			"version": "1.0.2",
			"resolved": "https://registry.npmjs.org/call-bind/-/call-bind-1.0.2.tgz",
			"integrity": "sha512-7O+FbCihrB5WGbFYesctwmTKae6rOiIzmz1icreWJ+0aA7LJfuqhEso2T9ncpcFtzMQtzXf2QGGueWJGTYsqrA==",
			"dev": true,
			"dependencies": {
				"function-bind": "^1.1.1",
				"get-intrinsic": "^1.0.2"
			},
			"funding": {
				"url": "https://github.com/sponsors/ljharb"
			}
		},
		"node_modules/deep-equal": {
			"version": "1.1.1",
			"resolved": "https://registry.npmjs.org/deep-equal/-/deep-equal-1.1.1.tgz",
			"integrity": "sha512-yd9c5AdiqVcR+JjcwUQb9DkhJc8ngNr0MahEBGvDiJw8puWab2yZlh+nkasOnZP+EGTAP6rRp2JzJhJZzvNF8g==",
			"dev": true,
			"dependencies": {
				"is-arguments": "^1.0.4",
				"is-date-object": "^1.0.1",
				"is-regex": "^1.0.4",
				"object-is": "^1.0.1",
				"object-keys": "^1.1.1",
				"regexp.prototype.flags": "^1.2.0"
			},
			"funding": {
				"url": "https://github.com/sponsors/ljharb"
			}
		},
		"node_modules/define-properties": {
			"version": "1.2.0",
			"resolved": "https://registry.npmjs.org/define-properties/-/define-properties-1.2.0.tgz",
			"integrity": "sha512-xvqAVKGfT1+UAvPwKTVw/njhdQ8ZhXK4lI0bCIuCMrp2up9nPnaDftrLtmpTazqd1o+UY4zgzU+avtMbDP+ldA==",
			"dev": true,
			"dependencies": {
				"has-property-descriptors": "^1.0.0",
				"object-keys": "^1.1.1"
			},
			"engines": {
				"node": ">= 0.4"
			},
			"funding": {
				"url": "https://github.com/sponsors/ljharb"
			}
		},
		"node_modules/function-bind": {
			"version": "1.1.1",
			"resolved": "https://registry.npmjs.org/function-bind/-/function-bind-1.1.1.tgz",
			"integrity": "sha512-yIovAzMX49sF8Yl58fSCWJ5svSLuaibPxXQJFLmBObTuCr0Mf1KiPopGM9NiFjiYBCbfaa2Fh6breQ6ANVTI0A==",
			"dev": true
		},
		"node_modules/functions-have-names": {
			"version": "1.2.3",
			"resolved": "https://registry.npmjs.org/functions-have-names/-/functions-have-names-1.2.3.tgz",
			"integrity": "sha512-xckBUXyTIqT97tq2x2AMb+g163b5JFysYk0x4qxNFwbfQkmNZoiRHb6sPzI9/QV33WeuvVYBUIiD4NzNIyqaRQ==",
			"dev": true,
			"funding": {
				"url": "https://github.com/sponsors/ljharb"
			}
		},
		"node_modules/geojson-equality": {
			"version": "0.1.6",
			"resolved": "https://registry.npmjs.org/geojson-equality/-/geojson-equality-0.1.6.tgz",
			"integrity": "sha512-TqG8YbqizP3EfwP5Uw4aLu6pKkg6JQK9uq/XZ1lXQntvTHD1BBKJWhNpJ2M0ax6TuWMP3oyx6Oq7FCIfznrgpQ==",
			"dev": true,
			"dependencies": {
				"deep-equal": "^1.0.0"
			}
		},
		"node_modules/geojson-polygon-self-intersections": {
			"version": "1.2.1",
			"resolved": "https://registry.npmjs.org/geojson-polygon-self-intersections/-/geojson-polygon-self-intersections-1.2.1.tgz",
			"integrity": "sha512-/QM1b5u2d172qQVO//9CGRa49jEmclKEsYOQmWP9ooEjj63tBM51m2805xsbxkzlEELQ2REgTf700gUhhlegxA==",
			"dev": true,
			"dependencies": {
				"rbush": "^2.0.1"
			}
		},
		"node_modules/geojson-rbush": {
			"version": "3.2.0",
			"resolved": "https://registry.npmjs.org/geojson-rbush/-/geojson-rbush-3.2.0.tgz",
			"integrity": "sha512-oVltQTXolxvsz1sZnutlSuLDEcQAKYC/uXt9zDzJJ6bu0W+baTI8LZBaTup5afzibEH4N3jlq2p+a152wlBJ7w==",
			"dev": true,
			"dependencies": {
				"@turf/bbox": "*",
				"@turf/helpers": "6.x",
				"@turf/meta": "6.x",
				"@types/geojson": "7946.0.8",
				"rbush": "^3.0.1"
			}
		},
		"node_modules/geojson-rbush/node_modules/quickselect": {
			"version": "2.0.0",
			"resolved": "https://registry.npmjs.org/quickselect/-/quickselect-2.0.0.tgz",
			"integrity": "sha512-RKJ22hX8mHe3Y6wH/N3wCM6BWtjaxIyyUIkpHOvfFnxdI4yD4tBXEBKSbriGujF6jnSVkJrffuo6vxACiSSxIw==",
			"dev": true
		},
		"node_modules/geojson-rbush/node_modules/rbush": {
			"version": "3.0.1",
			"resolved": "https://registry.npmjs.org/rbush/-/rbush-3.0.1.tgz",
			"integrity": "sha512-XRaVO0YecOpEuIvbhbpTrZgoiI6xBlz6hnlr6EHhd+0x9ase6EmeN+hdwwUaJvLcsFFQ8iWVF1GAK1yB0BWi0w==",
			"dev": true,
			"dependencies": {
				"quickselect": "^2.0.0"
			}
		},
		"node_modules/get-intrinsic": {
			"version": "1.2.1",
			"resolved": "https://registry.npmjs.org/get-intrinsic/-/get-intrinsic-1.2.1.tgz",
			"integrity": "sha512-2DcsyfABl+gVHEfCOaTrWgyt+tb6MSEGmKq+kI5HwLbIYgjgmMcV8KQ41uaKz1xxUcn9tJtgFbQUEVcEbd0FYw==",
			"dev": true,
			"dependencies": {
				"function-bind": "^1.1.1",
				"has": "^1.0.3",
				"has-proto": "^1.0.1",
				"has-symbols": "^1.0.3"
			},
			"funding": {
				"url": "https://github.com/sponsors/ljharb"
			}
		},
		"node_modules/has": {
			"version": "1.0.3",
			"resolved": "https://registry.npmjs.org/has/-/has-1.0.3.tgz",
			"integrity": "sha512-f2dvO0VU6Oej7RkWJGrehjbzMAjFp5/VKPp5tTpWIV4JHHZK1/BxbFRtf/siA2SWTe09caDmVtYYzWEIbBS4zw==",
			"dev": true,
			"dependencies": {
				"function-bind": "^1.1.1"
			},
			"engines": {
				"node": ">= 0.4.0"
			}
		},
		"node_modules/has-property-descriptors": {
			"version": "1.0.0",
			"resolved": "https://registry.npmjs.org/has-property-descriptors/-/has-property-descriptors-1.0.0.tgz",
			"integrity": "sha512-62DVLZGoiEBDHQyqG4w9xCuZ7eJEwNmJRWw2VY84Oedb7WFcA27fiEVe8oUQx9hAUJ4ekurquucTGwsyO1XGdQ==",
			"dev": true,
			"dependencies": {
				"get-intrinsic": "^1.1.1"
			},
			"funding": {
				"url": "https://github.com/sponsors/ljharb"
			}
		},
		"node_modules/has-proto": {
			"version": "1.0.1",
			"resolved": "https://registry.npmjs.org/has-proto/-/has-proto-1.0.1.tgz",
			"integrity": "sha512-7qE+iP+O+bgF9clE5+UoBFzE65mlBiVj3tKCrlNQ0Ogwm0BjpT/gK4SlLYDMybDh5I3TCTKnPPa0oMG7JDYrhg==",
			"dev": true,
			"engines": {
				"node": ">= 0.4"
			},
			"funding": {
				"url": "https://github.com/sponsors/ljharb"
			}
		},
		"node_modules/has-symbols": {
			"version": "1.0.3",
			"resolved": "https://registry.npmjs.org/has-symbols/-/has-symbols-1.0.3.tgz",
			"integrity": "sha512-l3LCuF6MgDNwTDKkdYGEihYjt5pRPbEg46rtlmnSPlUbgmB8LOIrKJbYYFBSbnPaJexMKtiPO8hmeRjRz2Td+A==",
			"dev": true,
			"engines": {
				"node": ">= 0.4"
			},
			"funding": {
				"url": "https://github.com/sponsors/ljharb"
			}
		},
		"node_modules/has-tostringtag": {
			"version": "1.0.0",
			"resolved": "https://registry.npmjs.org/has-tostringtag/-/has-tostringtag-1.0.0.tgz",
			"integrity": "sha512-kFjcSNhnlGV1kyoGk7OXKSawH5JOb/LzUc5w9B02hOTO0dfFRjbHQKvg1d6cf3HbeUmtU9VbbV3qzZ2Teh97WQ==",
			"dev": true,
			"dependencies": {
				"has-symbols": "^1.0.2"
			},
			"engines": {
				"node": ">= 0.4"
			},
			"funding": {
				"url": "https://github.com/sponsors/ljharb"
			}
		},
		"node_modules/html-parse-stringify": {
			"version": "3.0.1",
			"resolved": "https://registry.npmjs.org/html-parse-stringify/-/html-parse-stringify-3.0.1.tgz",
			"integrity": "sha512-KknJ50kTInJ7qIScF3jeaFRpMpE8/lfiTdzf/twXyPBLAGrLRTmkz3AdTnKeh40X8k9L2fdYwEp/42WGXIRGcg==",
			"dependencies": {
				"void-elements": "3.1.0"
			}
		},
		"node_modules/i18next": {
			"version": "23.2.3",
			"resolved": "https://registry.npmjs.org/i18next/-/i18next-23.2.3.tgz",
			"integrity": "sha512-5spO7L0rNmW0jFuNhz+gfirlFt1anle4mTy4+gFkgsH0+T3R5++4oncBrzeKa7v8pweRyGBoGmOpboqlxovg6A==",
			"funding": [
				{
					"type": "individual",
					"url": "https://locize.com"
				},
				{
					"type": "individual",
					"url": "https://locize.com/i18next.html"
				},
				{
					"type": "individual",
					"url": "https://www.i18next.com/how-to/faq#i18next-is-awesome.-how-can-i-support-the-project"
				}
			],
			"peer": true,
			"dependencies": {
				"@babel/runtime": "^7.22.5"
			}
		},
		"node_modules/i18next-browser-languagedetector": {
			"version": "7.1.0",
			"resolved": "https://registry.npmjs.org/i18next-browser-languagedetector/-/i18next-browser-languagedetector-7.1.0.tgz",
			"integrity": "sha512-cr2k7u1XJJ4HTOjM9GyOMtbOA47RtUoWRAtt52z43r3AoMs2StYKyjS3URPhzHaf+mn10hY9dZWamga5WPQjhA==",
			"dependencies": {
				"@babel/runtime": "^7.19.4"
			}
		},
		"node_modules/is-arguments": {
			"version": "1.1.1",
			"resolved": "https://registry.npmjs.org/is-arguments/-/is-arguments-1.1.1.tgz",
			"integrity": "sha512-8Q7EARjzEnKpt/PCD7e1cgUS0a6X8u5tdSiMqXhojOdoV9TsMsiO+9VLC5vAmO8N7/GmXn7yjR8qnA6bVAEzfA==",
			"dev": true,
			"dependencies": {
				"call-bind": "^1.0.2",
				"has-tostringtag": "^1.0.0"
			},
			"engines": {
				"node": ">= 0.4"
			},
			"funding": {
				"url": "https://github.com/sponsors/ljharb"
			}
		},
		"node_modules/is-date-object": {
			"version": "1.0.5",
			"resolved": "https://registry.npmjs.org/is-date-object/-/is-date-object-1.0.5.tgz",
			"integrity": "sha512-9YQaSxsAiSwcvS33MBk3wTCVnWK+HhF8VZR2jRxehM16QcVOdHqPn4VPHmRK4lSr38n9JriurInLcP90xsYNfQ==",
			"dev": true,
			"dependencies": {
				"has-tostringtag": "^1.0.0"
			},
			"engines": {
				"node": ">= 0.4"
			},
			"funding": {
				"url": "https://github.com/sponsors/ljharb"
			}
		},
		"node_modules/is-regex": {
			"version": "1.1.4",
			"resolved": "https://registry.npmjs.org/is-regex/-/is-regex-1.1.4.tgz",
			"integrity": "sha512-kvRdxDsxZjhzUX07ZnLydzS1TU/TJlTUHHY4YLL87e37oUA49DfkLqgy+VjFocowy29cKvcSiu+kIv728jTTVg==",
			"dev": true,
			"dependencies": {
				"call-bind": "^1.0.2",
				"has-tostringtag": "^1.0.0"
			},
			"engines": {
				"node": ">= 0.4"
			},
			"funding": {
				"url": "https://github.com/sponsors/ljharb"
			}
		},
		"node_modules/js-tokens": {
			"version": "4.0.0",
			"resolved": "https://registry.npmjs.org/js-tokens/-/js-tokens-4.0.0.tgz",
			"integrity": "sha512-RdJUflcE3cUzKiMqQgsCu06FPu9UdIJO0beYbPhHN4k6apgJtifcoCtT9bcxOpYBtpD2kCM6Sbzg4CausW/PKQ==",
			"peer": true
		},
		"node_modules/loose-envify": {
			"version": "1.4.0",
			"resolved": "https://registry.npmjs.org/loose-envify/-/loose-envify-1.4.0.tgz",
			"integrity": "sha512-lyuxPGr/Wfhrlem2CL/UcnUc1zcqKAImBDzukY7Y5F/yQiNdko6+fRLevlw1HgMySw7f611UIY408EtxRSoK3Q==",
			"peer": true,
			"dependencies": {
				"js-tokens": "^3.0.0 || ^4.0.0"
			},
			"bin": {
				"loose-envify": "cli.js"
			}
		},
		"node_modules/object-is": {
			"version": "1.1.5",
			"resolved": "https://registry.npmjs.org/object-is/-/object-is-1.1.5.tgz",
			"integrity": "sha512-3cyDsyHgtmi7I7DfSSI2LDp6SK2lwvtbg0p0R1e0RvTqF5ceGx+K2dfSjm1bKDMVCFEDAQvy+o8c6a7VujOddw==",
			"dev": true,
			"dependencies": {
				"call-bind": "^1.0.2",
				"define-properties": "^1.1.3"
			},
			"engines": {
				"node": ">= 0.4"
			},
			"funding": {
				"url": "https://github.com/sponsors/ljharb"
			}
		},
		"node_modules/object-keys": {
			"version": "1.1.1",
			"resolved": "https://registry.npmjs.org/object-keys/-/object-keys-1.1.1.tgz",
			"integrity": "sha512-NuAESUOUMrlIXOfHKzD6bpPu3tYt3xvjNdRIQ+FeT0lNb4K8WR70CaDxhuNguS2XG+GjkyMwOzsN5ZktImfhLA==",
			"dev": true,
			"engines": {
				"node": ">= 0.4"
			}
		},
		"node_modules/quickselect": {
			"version": "1.1.1",
			"resolved": "https://registry.npmjs.org/quickselect/-/quickselect-1.1.1.tgz",
			"integrity": "sha512-qN0Gqdw4c4KGPsBOQafj6yj/PA6c/L63f6CaZ/DCF/xF4Esu3jVmKLUDYxghFx8Kb/O7y9tI7x2RjTSXwdK1iQ==",
			"dev": true
		},
		"node_modules/rbush": {
			"version": "2.0.2",
			"resolved": "https://registry.npmjs.org/rbush/-/rbush-2.0.2.tgz",
			"integrity": "sha512-XBOuALcTm+O/H8G90b6pzu6nX6v2zCKiFG4BJho8a+bY6AER6t8uQUZdi5bomQc0AprCWhEGa7ncAbbRap0bRA==",
			"dev": true,
			"dependencies": {
				"quickselect": "^1.0.1"
			}
		},
		"node_modules/react": {
			"version": "18.2.0",
			"resolved": "https://registry.npmjs.org/react/-/react-18.2.0.tgz",
			"integrity": "sha512-/3IjMdb2L9QbBdWiW5e3P2/npwMBaU9mHCSCUzNln0ZCYbcfTsGbTJrU/kGemdH2IWmB2ioZ+zkxtmq6g09fGQ==",
			"peer": true,
			"dependencies": {
				"loose-envify": "^1.1.0"
			},
			"engines": {
				"node": ">=0.10.0"
			}
		},
		"node_modules/react-i18next": {
			"version": "12.3.1",
			"resolved": "https://registry.npmjs.org/react-i18next/-/react-i18next-12.3.1.tgz",
			"integrity": "sha512-5v8E2XjZDFzK7K87eSwC7AJcAkcLt5xYZ4+yTPDAW1i7C93oOY1dnr4BaQM7un4Hm+GmghuiPvevWwlca5PwDA==",
			"dependencies": {
				"@babel/runtime": "^7.20.6",
				"html-parse-stringify": "^3.0.1"
			},
			"peerDependencies": {
				"i18next": ">= 19.0.0",
				"react": ">= 16.8.0"
			},
			"peerDependenciesMeta": {
				"react-dom": {
					"optional": true
				},
				"react-native": {
					"optional": true
				}
			}
		},
		"node_modules/regenerator-runtime": {
			"version": "0.13.11",
			"resolved": "https://registry.npmjs.org/regenerator-runtime/-/regenerator-runtime-0.13.11.tgz",
			"integrity": "sha512-kY1AZVr2Ra+t+piVaJ4gxaFaReZVH40AKNo7UCX6W+dEwBo/2oZJzqfuN1qLq1oL45o56cPaTXELwrTh8Fpggg=="
		},
		"node_modules/regexp.prototype.flags": {
			"version": "1.5.0",
			"resolved": "https://registry.npmjs.org/regexp.prototype.flags/-/regexp.prototype.flags-1.5.0.tgz",
			"integrity": "sha512-0SutC3pNudRKgquxGoRGIz946MZVHqbNfPjBdxeOhBrdgDKlRoXmYLQN9xRbrR09ZXWeGAdPuif7egofn6v5LA==",
			"dev": true,
			"dependencies": {
				"call-bind": "^1.0.2",
				"define-properties": "^1.2.0",
				"functions-have-names": "^1.2.3"
			},
			"engines": {
				"node": ">= 0.4"
			},
			"funding": {
				"url": "https://github.com/sponsors/ljharb"
			}
		},
		"node_modules/union-subdivided-polygons": {
			"version": "0.9.1",
			"resolved": "https://registry.npmjs.org/union-subdivided-polygons/-/union-subdivided-polygons-0.9.1.tgz",
			"integrity": "sha512-qe1BVS4Btq35sW8kmxKUfSQp81Hcvxvz8oTS/RGdNVG0i5VOv6zaa1HZCWMWzHlP9Kn1NNdmE+UcaEAhwVFt6w==",
			"dependencies": {
				"@turf/bbox": "^6.0.1"
			}
		},
		"node_modules/void-elements": {
			"version": "3.1.0",
			"resolved": "https://registry.npmjs.org/void-elements/-/void-elements-3.1.0.tgz",
			"integrity": "sha512-Dhxzh5HZuiHQhbvTW9AMetFfBHDMYpo23Uo9btPXgdYP+3T5S+p+jgNy7spra+veYhBP2dCSgxR/i2Y02h5/6w==",
			"engines": {
				"node": ">=0.10.0"
			}
		}
	},
	"dependencies": {
		"@babel/runtime": {
			"version": "7.22.5",
			"resolved": "https://registry.npmjs.org/@babel/runtime/-/runtime-7.22.5.tgz",
			"integrity": "sha512-ecjvYlnAaZ/KVneE/OdKYBYfgXV3Ptu6zQWmgEF7vwKhQnvVS6bjMD2XYgj+SNvQ1GfK/pjgokfPkC/2CO8CuA==",
			"requires": {
				"regenerator-runtime": "^0.13.11"
			}
		},
		"@turf/area": {
			"version": "6.5.0",
			"resolved": "https://registry.npmjs.org/@turf/area/-/area-6.5.0.tgz",
			"integrity": "sha512-xCZdiuojokLbQ+29qR6qoMD89hv+JAgWjLrwSEWL+3JV8IXKeNFl6XkEJz9HGkVpnXvQKJoRz4/liT+8ZZ5Jyg==",
			"requires": {
				"@turf/helpers": "^6.5.0",
				"@turf/meta": "^6.5.0"
			}
		},
		"@turf/bbox": {
			"version": "6.5.0",
			"resolved": "https://registry.npmjs.org/@turf/bbox/-/bbox-6.5.0.tgz",
			"integrity": "sha512-RBbLaao5hXTYyyg577iuMtDB8ehxMlUqHEJiMs8jT1GHkFhr6sYre3lmLsPeYEi/ZKj5TP5tt7fkzNdJ4GIVyw==",
			"requires": {
				"@turf/helpers": "^6.5.0",
				"@turf/meta": "^6.5.0"
			}
		},
		"@turf/bearing": {
			"version": "6.5.0",
			"resolved": "https://registry.npmjs.org/@turf/bearing/-/bearing-6.5.0.tgz",
			"integrity": "sha512-dxINYhIEMzgDOztyMZc20I7ssYVNEpSv04VbMo5YPQsqa80KO3TFvbuCahMsCAW5z8Tncc8dwBlEFrmRjJG33A==",
			"dev": true,
			"requires": {
				"@turf/helpers": "^6.5.0",
				"@turf/invariant": "^6.5.0"
			}
		},
		"@turf/boolean-crosses": {
			"version": "6.5.0",
			"resolved": "https://registry.npmjs.org/@turf/boolean-crosses/-/boolean-crosses-6.5.0.tgz",
			"integrity": "sha512-gvshbTPhAHporTlQwBJqyfW+2yV8q/mOTxG6PzRVl6ARsqNoqYQWkd4MLug7OmAqVyBzLK3201uAeBjxbGw0Ng==",
			"dev": true,
			"requires": {
				"@turf/boolean-point-in-polygon": "^6.5.0",
				"@turf/helpers": "^6.5.0",
				"@turf/invariant": "^6.5.0",
				"@turf/line-intersect": "^6.5.0",
				"@turf/polygon-to-line": "^6.5.0"
			}
		},
		"@turf/boolean-disjoint": {
			"version": "6.5.0",
			"resolved": "https://registry.npmjs.org/@turf/boolean-disjoint/-/boolean-disjoint-6.5.0.tgz",
			"integrity": "sha512-rZ2ozlrRLIAGo2bjQ/ZUu4oZ/+ZjGvLkN5CKXSKBcu6xFO6k2bgqeM8a1836tAW+Pqp/ZFsTA5fZHsJZvP2D5g==",
			"dev": true,
			"requires": {
				"@turf/boolean-point-in-polygon": "^6.5.0",
				"@turf/helpers": "^6.5.0",
				"@turf/line-intersect": "^6.5.0",
				"@turf/meta": "^6.5.0",
				"@turf/polygon-to-line": "^6.5.0"
			}
		},
		"@turf/boolean-overlap": {
			"version": "6.5.0",
			"resolved": "https://registry.npmjs.org/@turf/boolean-overlap/-/boolean-overlap-6.5.0.tgz",
			"integrity": "sha512-8btMIdnbXVWUa1M7D4shyaSGxLRw6NjMcqKBcsTXcZdnaixl22k7ar7BvIzkaRYN3SFECk9VGXfLncNS3ckQUw==",
			"dev": true,
			"requires": {
				"@turf/helpers": "^6.5.0",
				"@turf/invariant": "^6.5.0",
				"@turf/line-intersect": "^6.5.0",
				"@turf/line-overlap": "^6.5.0",
				"@turf/meta": "^6.5.0",
				"geojson-equality": "0.1.6"
			}
		},
		"@turf/boolean-point-in-polygon": {
			"version": "6.5.0",
			"resolved": "https://registry.npmjs.org/@turf/boolean-point-in-polygon/-/boolean-point-in-polygon-6.5.0.tgz",
			"integrity": "sha512-DtSuVFB26SI+hj0SjrvXowGTUCHlgevPAIsukssW6BG5MlNSBQAo70wpICBNJL6RjukXg8d2eXaAWuD/CqL00A==",
			"dev": true,
			"requires": {
				"@turf/helpers": "^6.5.0",
				"@turf/invariant": "^6.5.0"
			}
		},
		"@turf/boolean-point-on-line": {
			"version": "6.5.0",
			"resolved": "https://registry.npmjs.org/@turf/boolean-point-on-line/-/boolean-point-on-line-6.5.0.tgz",
			"integrity": "sha512-A1BbuQ0LceLHvq7F/P7w3QvfpmZqbmViIUPHdNLvZimFNLo4e6IQunmzbe+8aSStH9QRZm3VOflyvNeXvvpZEQ==",
			"dev": true,
			"requires": {
				"@turf/helpers": "^6.5.0",
				"@turf/invariant": "^6.5.0"
			}
		},
		"@turf/boolean-valid": {
			"version": "6.5.0",
			"resolved": "https://registry.npmjs.org/@turf/boolean-valid/-/boolean-valid-6.5.0.tgz",
			"integrity": "sha512-v1ineelL5l/S/9D38dL55oThyrLf49a4hnjnoKx2Udp0NbJ5JxCleVFVMSkdq7ArVkPHwW6WkNGdOm2IYyBBMw==",
			"dev": true,
			"requires": {
				"@turf/bbox": "^6.5.0",
				"@turf/boolean-crosses": "^6.5.0",
				"@turf/boolean-disjoint": "^6.5.0",
				"@turf/boolean-overlap": "^6.5.0",
				"@turf/boolean-point-in-polygon": "^6.5.0",
				"@turf/boolean-point-on-line": "^6.5.0",
				"@turf/helpers": "^6.5.0",
				"@turf/invariant": "^6.5.0",
				"@turf/line-intersect": "^6.5.0",
				"geojson-polygon-self-intersections": "1.2.x"
			}
		},
		"@turf/combine": {
			"version": "6.5.0",
			"resolved": "https://registry.npmjs.org/@turf/combine/-/combine-6.5.0.tgz",
			"integrity": "sha512-Q8EIC4OtAcHiJB3C4R+FpB4LANiT90t17uOd851qkM2/o6m39bfN5Mv0PWqMZIHWrrosZqRqoY9dJnzz/rJxYQ==",
			"requires": {
				"@turf/helpers": "^6.5.0",
				"@turf/meta": "^6.5.0"
			}
		},
		"@turf/destination": {
			"version": "6.5.0",
			"resolved": "https://registry.npmjs.org/@turf/destination/-/destination-6.5.0.tgz",
			"integrity": "sha512-4cnWQlNC8d1tItOz9B4pmJdWpXqS0vEvv65bI/Pj/genJnsL7evI0/Xw42RvEGROS481MPiU80xzvwxEvhQiMQ==",
			"dev": true,
			"requires": {
				"@turf/helpers": "^6.5.0",
				"@turf/invariant": "^6.5.0"
			}
		},
		"@turf/distance": {
			"version": "6.5.0",
			"resolved": "https://registry.npmjs.org/@turf/distance/-/distance-6.5.0.tgz",
			"integrity": "sha512-xzykSLfoURec5qvQJcfifw/1mJa+5UwByZZ5TZ8iaqjGYN0vomhV9aiSLeYdUGtYRESZ+DYC/OzY+4RclZYgMg==",
			"dev": true,
			"requires": {
				"@turf/helpers": "^6.5.0",
				"@turf/invariant": "^6.5.0"
			}
		},
		"@turf/flatten": {
			"version": "6.5.0",
			"resolved": "https://registry.npmjs.org/@turf/flatten/-/flatten-6.5.0.tgz",
			"integrity": "sha512-IBZVwoNLVNT6U/bcUUllubgElzpMsNoCw8tLqBw6dfYg9ObGmpEjf9BIYLr7a2Yn5ZR4l7YIj2T7kD5uJjZADQ==",
			"requires": {
				"@turf/helpers": "^6.5.0",
				"@turf/meta": "^6.5.0"
			}
		},
		"@turf/helpers": {
			"version": "6.5.0",
			"resolved": "https://registry.npmjs.org/@turf/helpers/-/helpers-6.5.0.tgz",
			"integrity": "sha512-VbI1dV5bLFzohYYdgqwikdMVpe7pJ9X3E+dlr425wa2/sMJqYDhTO++ec38/pcPvPE6oD9WEEeU3Xu3gza+VPw=="
		},
		"@turf/invariant": {
			"version": "6.5.0",
			"resolved": "https://registry.npmjs.org/@turf/invariant/-/invariant-6.5.0.tgz",
			"integrity": "sha512-Wv8PRNCtPD31UVbdJE/KVAWKe7l6US+lJItRR/HOEW3eh+U/JwRCSUl/KZ7bmjM/C+zLNoreM2TU6OoLACs4eg==",
			"requires": {
				"@turf/helpers": "^6.5.0"
			}
		},
		"@turf/kinks": {
			"version": "6.5.0",
			"resolved": "https://registry.npmjs.org/@turf/kinks/-/kinks-6.5.0.tgz",
			"integrity": "sha512-ViCngdPt1eEL7hYUHR2eHR662GvCgTc35ZJFaNR6kRtr6D8plLaDju0FILeFFWSc+o8e3fwxZEJKmFj9IzPiIQ==",
			"requires": {
				"@turf/helpers": "^6.5.0"
			}
		},
		"@turf/line-intersect": {
			"version": "6.5.0",
			"resolved": "https://registry.npmjs.org/@turf/line-intersect/-/line-intersect-6.5.0.tgz",
			"integrity": "sha512-CS6R1tZvVQD390G9Ea4pmpM6mJGPWoL82jD46y0q1KSor9s6HupMIo1kY4Ny+AEYQl9jd21V3Scz20eldpbTVA==",
			"dev": true,
			"requires": {
				"@turf/helpers": "^6.5.0",
				"@turf/invariant": "^6.5.0",
				"@turf/line-segment": "^6.5.0",
				"@turf/meta": "^6.5.0",
				"geojson-rbush": "3.x"
			}
		},
		"@turf/line-overlap": {
			"version": "6.5.0",
			"resolved": "https://registry.npmjs.org/@turf/line-overlap/-/line-overlap-6.5.0.tgz",
			"integrity": "sha512-xHOaWLd0hkaC/1OLcStCpfq55lPHpPNadZySDXYiYjEz5HXr1oKmtMYpn0wGizsLwrOixRdEp+j7bL8dPt4ojQ==",
			"dev": true,
			"requires": {
				"@turf/boolean-point-on-line": "^6.5.0",
				"@turf/helpers": "^6.5.0",
				"@turf/invariant": "^6.5.0",
				"@turf/line-segment": "^6.5.0",
				"@turf/meta": "^6.5.0",
				"@turf/nearest-point-on-line": "^6.5.0",
				"deep-equal": "1.x",
				"geojson-rbush": "3.x"
			}
		},
		"@turf/line-segment": {
			"version": "6.5.0",
			"resolved": "https://registry.npmjs.org/@turf/line-segment/-/line-segment-6.5.0.tgz",
			"integrity": "sha512-jI625Ho4jSuJESNq66Mmi290ZJ5pPZiQZruPVpmHkUw257Pew0alMmb6YrqYNnLUuiVVONxAAKXUVeeUGtycfw==",
			"dev": true,
			"requires": {
				"@turf/helpers": "^6.5.0",
				"@turf/invariant": "^6.5.0",
				"@turf/meta": "^6.5.0"
			}
		},
		"@turf/meta": {
			"version": "6.5.0",
			"resolved": "https://registry.npmjs.org/@turf/meta/-/meta-6.5.0.tgz",
			"integrity": "sha512-RrArvtsV0vdsCBegoBtOalgdSOfkBrTJ07VkpiCnq/491W67hnMWmDu7e6Ztw0C3WldRYTXkg3SumfdzZxLBHA==",
			"requires": {
				"@turf/helpers": "^6.5.0"
			}
		},
		"@turf/nearest-point-on-line": {
			"version": "6.5.0",
			"resolved": "https://registry.npmjs.org/@turf/nearest-point-on-line/-/nearest-point-on-line-6.5.0.tgz",
			"integrity": "sha512-WthrvddddvmymnC+Vf7BrkHGbDOUu6Z3/6bFYUGv1kxw8tiZ6n83/VG6kHz4poHOfS0RaNflzXSkmCi64fLBlg==",
			"dev": true,
			"requires": {
				"@turf/bearing": "^6.5.0",
				"@turf/destination": "^6.5.0",
				"@turf/distance": "^6.5.0",
				"@turf/helpers": "^6.5.0",
				"@turf/invariant": "^6.5.0",
				"@turf/line-intersect": "^6.5.0",
				"@turf/meta": "^6.5.0"
			}
		},
		"@turf/polygon-to-line": {
			"version": "6.5.0",
			"resolved": "https://registry.npmjs.org/@turf/polygon-to-line/-/polygon-to-line-6.5.0.tgz",
			"integrity": "sha512-5p4n/ij97EIttAq+ewSnKt0ruvuM+LIDzuczSzuHTpq4oS7Oq8yqg5TQ4nzMVuK41r/tALCk7nAoBuw3Su4Gcw==",
			"dev": true,
			"requires": {
				"@turf/helpers": "^6.5.0",
				"@turf/invariant": "^6.5.0"
			}
		},
		"@types/geojson": {
			"version": "7946.0.8",
			"resolved": "https://registry.npmjs.org/@types/geojson/-/geojson-7946.0.8.tgz",
			"integrity": "sha512-1rkryxURpr6aWP7R786/UQOkJ3PcpQiWkAXBmdWc7ryFWqN6a4xfK7BtjXvFBKO9LjQ+MWQSWxYeZX1OApnArA==",
			"dev": true
		},
		"call-bind": {
			"version": "1.0.2",
			"resolved": "https://registry.npmjs.org/call-bind/-/call-bind-1.0.2.tgz",
			"integrity": "sha512-7O+FbCihrB5WGbFYesctwmTKae6rOiIzmz1icreWJ+0aA7LJfuqhEso2T9ncpcFtzMQtzXf2QGGueWJGTYsqrA==",
			"dev": true,
			"requires": {
				"function-bind": "^1.1.1",
				"get-intrinsic": "^1.0.2"
			}
		},
		"deep-equal": {
			"version": "1.1.1",
			"resolved": "https://registry.npmjs.org/deep-equal/-/deep-equal-1.1.1.tgz",
			"integrity": "sha512-yd9c5AdiqVcR+JjcwUQb9DkhJc8ngNr0MahEBGvDiJw8puWab2yZlh+nkasOnZP+EGTAP6rRp2JzJhJZzvNF8g==",
			"dev": true,
			"requires": {
				"is-arguments": "^1.0.4",
				"is-date-object": "^1.0.1",
				"is-regex": "^1.0.4",
				"object-is": "^1.0.1",
				"object-keys": "^1.1.1",
				"regexp.prototype.flags": "^1.2.0"
			}
		},
		"define-properties": {
			"version": "1.2.0",
			"resolved": "https://registry.npmjs.org/define-properties/-/define-properties-1.2.0.tgz",
			"integrity": "sha512-xvqAVKGfT1+UAvPwKTVw/njhdQ8ZhXK4lI0bCIuCMrp2up9nPnaDftrLtmpTazqd1o+UY4zgzU+avtMbDP+ldA==",
			"dev": true,
			"requires": {
				"has-property-descriptors": "^1.0.0",
				"object-keys": "^1.1.1"
			}
		},
		"function-bind": {
			"version": "1.1.1",
			"resolved": "https://registry.npmjs.org/function-bind/-/function-bind-1.1.1.tgz",
			"integrity": "sha512-yIovAzMX49sF8Yl58fSCWJ5svSLuaibPxXQJFLmBObTuCr0Mf1KiPopGM9NiFjiYBCbfaa2Fh6breQ6ANVTI0A==",
			"dev": true
		},
		"functions-have-names": {
			"version": "1.2.3",
			"resolved": "https://registry.npmjs.org/functions-have-names/-/functions-have-names-1.2.3.tgz",
			"integrity": "sha512-xckBUXyTIqT97tq2x2AMb+g163b5JFysYk0x4qxNFwbfQkmNZoiRHb6sPzI9/QV33WeuvVYBUIiD4NzNIyqaRQ==",
			"dev": true
		},
		"geojson-equality": {
			"version": "0.1.6",
			"resolved": "https://registry.npmjs.org/geojson-equality/-/geojson-equality-0.1.6.tgz",
			"integrity": "sha512-TqG8YbqizP3EfwP5Uw4aLu6pKkg6JQK9uq/XZ1lXQntvTHD1BBKJWhNpJ2M0ax6TuWMP3oyx6Oq7FCIfznrgpQ==",
			"dev": true,
			"requires": {
				"deep-equal": "^1.0.0"
			}
		},
		"geojson-polygon-self-intersections": {
			"version": "1.2.1",
			"resolved": "https://registry.npmjs.org/geojson-polygon-self-intersections/-/geojson-polygon-self-intersections-1.2.1.tgz",
			"integrity": "sha512-/QM1b5u2d172qQVO//9CGRa49jEmclKEsYOQmWP9ooEjj63tBM51m2805xsbxkzlEELQ2REgTf700gUhhlegxA==",
			"dev": true,
			"requires": {
				"rbush": "^2.0.1"
			}
		},
		"geojson-rbush": {
			"version": "3.2.0",
			"resolved": "https://registry.npmjs.org/geojson-rbush/-/geojson-rbush-3.2.0.tgz",
			"integrity": "sha512-oVltQTXolxvsz1sZnutlSuLDEcQAKYC/uXt9zDzJJ6bu0W+baTI8LZBaTup5afzibEH4N3jlq2p+a152wlBJ7w==",
			"dev": true,
			"requires": {
				"@turf/bbox": "*",
				"@turf/helpers": "6.x",
				"@turf/meta": "6.x",
				"@types/geojson": "7946.0.8",
				"rbush": "^3.0.1"
			},
			"dependencies": {
				"quickselect": {
					"version": "2.0.0",
					"resolved": "https://registry.npmjs.org/quickselect/-/quickselect-2.0.0.tgz",
					"integrity": "sha512-RKJ22hX8mHe3Y6wH/N3wCM6BWtjaxIyyUIkpHOvfFnxdI4yD4tBXEBKSbriGujF6jnSVkJrffuo6vxACiSSxIw==",
					"dev": true
				},
				"rbush": {
					"version": "3.0.1",
					"resolved": "https://registry.npmjs.org/rbush/-/rbush-3.0.1.tgz",
					"integrity": "sha512-XRaVO0YecOpEuIvbhbpTrZgoiI6xBlz6hnlr6EHhd+0x9ase6EmeN+hdwwUaJvLcsFFQ8iWVF1GAK1yB0BWi0w==",
					"dev": true,
					"requires": {
						"quickselect": "^2.0.0"
					}
				}
			}
		},
		"get-intrinsic": {
			"version": "1.2.1",
			"resolved": "https://registry.npmjs.org/get-intrinsic/-/get-intrinsic-1.2.1.tgz",
			"integrity": "sha512-2DcsyfABl+gVHEfCOaTrWgyt+tb6MSEGmKq+kI5HwLbIYgjgmMcV8KQ41uaKz1xxUcn9tJtgFbQUEVcEbd0FYw==",
			"dev": true,
			"requires": {
				"function-bind": "^1.1.1",
				"has": "^1.0.3",
				"has-proto": "^1.0.1",
				"has-symbols": "^1.0.3"
			}
		},
		"has": {
			"version": "1.0.3",
			"resolved": "https://registry.npmjs.org/has/-/has-1.0.3.tgz",
			"integrity": "sha512-f2dvO0VU6Oej7RkWJGrehjbzMAjFp5/VKPp5tTpWIV4JHHZK1/BxbFRtf/siA2SWTe09caDmVtYYzWEIbBS4zw==",
			"dev": true,
			"requires": {
				"function-bind": "^1.1.1"
			}
		},
		"has-property-descriptors": {
			"version": "1.0.0",
			"resolved": "https://registry.npmjs.org/has-property-descriptors/-/has-property-descriptors-1.0.0.tgz",
			"integrity": "sha512-62DVLZGoiEBDHQyqG4w9xCuZ7eJEwNmJRWw2VY84Oedb7WFcA27fiEVe8oUQx9hAUJ4ekurquucTGwsyO1XGdQ==",
			"dev": true,
			"requires": {
				"get-intrinsic": "^1.1.1"
			}
		},
		"has-proto": {
			"version": "1.0.1",
			"resolved": "https://registry.npmjs.org/has-proto/-/has-proto-1.0.1.tgz",
			"integrity": "sha512-7qE+iP+O+bgF9clE5+UoBFzE65mlBiVj3tKCrlNQ0Ogwm0BjpT/gK4SlLYDMybDh5I3TCTKnPPa0oMG7JDYrhg==",
			"dev": true
		},
		"has-symbols": {
			"version": "1.0.3",
			"resolved": "https://registry.npmjs.org/has-symbols/-/has-symbols-1.0.3.tgz",
			"integrity": "sha512-l3LCuF6MgDNwTDKkdYGEihYjt5pRPbEg46rtlmnSPlUbgmB8LOIrKJbYYFBSbnPaJexMKtiPO8hmeRjRz2Td+A==",
			"dev": true
		},
		"has-tostringtag": {
			"version": "1.0.0",
			"resolved": "https://registry.npmjs.org/has-tostringtag/-/has-tostringtag-1.0.0.tgz",
			"integrity": "sha512-kFjcSNhnlGV1kyoGk7OXKSawH5JOb/LzUc5w9B02hOTO0dfFRjbHQKvg1d6cf3HbeUmtU9VbbV3qzZ2Teh97WQ==",
			"dev": true,
			"requires": {
				"has-symbols": "^1.0.2"
			}
		},
		"html-parse-stringify": {
			"version": "3.0.1",
			"resolved": "https://registry.npmjs.org/html-parse-stringify/-/html-parse-stringify-3.0.1.tgz",
			"integrity": "sha512-KknJ50kTInJ7qIScF3jeaFRpMpE8/lfiTdzf/twXyPBLAGrLRTmkz3AdTnKeh40X8k9L2fdYwEp/42WGXIRGcg==",
			"requires": {
				"void-elements": "3.1.0"
			}
		},
		"i18next": {
			"version": "23.2.3",
			"resolved": "https://registry.npmjs.org/i18next/-/i18next-23.2.3.tgz",
			"integrity": "sha512-5spO7L0rNmW0jFuNhz+gfirlFt1anle4mTy4+gFkgsH0+T3R5++4oncBrzeKa7v8pweRyGBoGmOpboqlxovg6A==",
			"peer": true,
			"requires": {
				"@babel/runtime": "^7.22.5"
			}
		},
		"i18next-browser-languagedetector": {
			"version": "7.1.0",
			"resolved": "https://registry.npmjs.org/i18next-browser-languagedetector/-/i18next-browser-languagedetector-7.1.0.tgz",
			"integrity": "sha512-cr2k7u1XJJ4HTOjM9GyOMtbOA47RtUoWRAtt52z43r3AoMs2StYKyjS3URPhzHaf+mn10hY9dZWamga5WPQjhA==",
			"requires": {
				"@babel/runtime": "^7.19.4"
			}
		},
		"is-arguments": {
			"version": "1.1.1",
			"resolved": "https://registry.npmjs.org/is-arguments/-/is-arguments-1.1.1.tgz",
			"integrity": "sha512-8Q7EARjzEnKpt/PCD7e1cgUS0a6X8u5tdSiMqXhojOdoV9TsMsiO+9VLC5vAmO8N7/GmXn7yjR8qnA6bVAEzfA==",
			"dev": true,
			"requires": {
				"call-bind": "^1.0.2",
				"has-tostringtag": "^1.0.0"
			}
		},
		"is-date-object": {
			"version": "1.0.5",
			"resolved": "https://registry.npmjs.org/is-date-object/-/is-date-object-1.0.5.tgz",
			"integrity": "sha512-9YQaSxsAiSwcvS33MBk3wTCVnWK+HhF8VZR2jRxehM16QcVOdHqPn4VPHmRK4lSr38n9JriurInLcP90xsYNfQ==",
			"dev": true,
			"requires": {
				"has-tostringtag": "^1.0.0"
			}
		},
		"is-regex": {
			"version": "1.1.4",
			"resolved": "https://registry.npmjs.org/is-regex/-/is-regex-1.1.4.tgz",
			"integrity": "sha512-kvRdxDsxZjhzUX07ZnLydzS1TU/TJlTUHHY4YLL87e37oUA49DfkLqgy+VjFocowy29cKvcSiu+kIv728jTTVg==",
			"dev": true,
			"requires": {
				"call-bind": "^1.0.2",
				"has-tostringtag": "^1.0.0"
			}
		},
		"js-tokens": {
			"version": "4.0.0",
			"resolved": "https://registry.npmjs.org/js-tokens/-/js-tokens-4.0.0.tgz",
			"integrity": "sha512-RdJUflcE3cUzKiMqQgsCu06FPu9UdIJO0beYbPhHN4k6apgJtifcoCtT9bcxOpYBtpD2kCM6Sbzg4CausW/PKQ==",
			"peer": true
		},
		"loose-envify": {
			"version": "1.4.0",
			"resolved": "https://registry.npmjs.org/loose-envify/-/loose-envify-1.4.0.tgz",
			"integrity": "sha512-lyuxPGr/Wfhrlem2CL/UcnUc1zcqKAImBDzukY7Y5F/yQiNdko6+fRLevlw1HgMySw7f611UIY408EtxRSoK3Q==",
			"peer": true,
			"requires": {
				"js-tokens": "^3.0.0 || ^4.0.0"
			}
		},
		"object-is": {
			"version": "1.1.5",
			"resolved": "https://registry.npmjs.org/object-is/-/object-is-1.1.5.tgz",
			"integrity": "sha512-3cyDsyHgtmi7I7DfSSI2LDp6SK2lwvtbg0p0R1e0RvTqF5ceGx+K2dfSjm1bKDMVCFEDAQvy+o8c6a7VujOddw==",
			"dev": true,
			"requires": {
				"call-bind": "^1.0.2",
				"define-properties": "^1.1.3"
			}
		},
		"object-keys": {
			"version": "1.1.1",
			"resolved": "https://registry.npmjs.org/object-keys/-/object-keys-1.1.1.tgz",
			"integrity": "sha512-NuAESUOUMrlIXOfHKzD6bpPu3tYt3xvjNdRIQ+FeT0lNb4K8WR70CaDxhuNguS2XG+GjkyMwOzsN5ZktImfhLA==",
			"dev": true
		},
		"quickselect": {
			"version": "1.1.1",
			"resolved": "https://registry.npmjs.org/quickselect/-/quickselect-1.1.1.tgz",
			"integrity": "sha512-qN0Gqdw4c4KGPsBOQafj6yj/PA6c/L63f6CaZ/DCF/xF4Esu3jVmKLUDYxghFx8Kb/O7y9tI7x2RjTSXwdK1iQ==",
			"dev": true
		},
		"rbush": {
			"version": "2.0.2",
			"resolved": "https://registry.npmjs.org/rbush/-/rbush-2.0.2.tgz",
			"integrity": "sha512-XBOuALcTm+O/H8G90b6pzu6nX6v2zCKiFG4BJho8a+bY6AER6t8uQUZdi5bomQc0AprCWhEGa7ncAbbRap0bRA==",
			"dev": true,
			"requires": {
				"quickselect": "^1.0.1"
			}
		},
		"react": {
			"version": "18.2.0",
			"resolved": "https://registry.npmjs.org/react/-/react-18.2.0.tgz",
			"integrity": "sha512-/3IjMdb2L9QbBdWiW5e3P2/npwMBaU9mHCSCUzNln0ZCYbcfTsGbTJrU/kGemdH2IWmB2ioZ+zkxtmq6g09fGQ==",
			"peer": true,
			"requires": {
				"loose-envify": "^1.1.0"
			}
		},
		"react-i18next": {
			"version": "12.3.1",
			"resolved": "https://registry.npmjs.org/react-i18next/-/react-i18next-12.3.1.tgz",
			"integrity": "sha512-5v8E2XjZDFzK7K87eSwC7AJcAkcLt5xYZ4+yTPDAW1i7C93oOY1dnr4BaQM7un4Hm+GmghuiPvevWwlca5PwDA==",
			"requires": {
				"@babel/runtime": "^7.20.6",
				"html-parse-stringify": "^3.0.1"
			}
		},
		"regenerator-runtime": {
			"version": "0.13.11",
			"resolved": "https://registry.npmjs.org/regenerator-runtime/-/regenerator-runtime-0.13.11.tgz",
			"integrity": "sha512-kY1AZVr2Ra+t+piVaJ4gxaFaReZVH40AKNo7UCX6W+dEwBo/2oZJzqfuN1qLq1oL45o56cPaTXELwrTh8Fpggg=="
		},
		"regexp.prototype.flags": {
			"version": "1.5.0",
			"resolved": "https://registry.npmjs.org/regexp.prototype.flags/-/regexp.prototype.flags-1.5.0.tgz",
			"integrity": "sha512-0SutC3pNudRKgquxGoRGIz946MZVHqbNfPjBdxeOhBrdgDKlRoXmYLQN9xRbrR09ZXWeGAdPuif7egofn6v5LA==",
			"dev": true,
			"requires": {
				"call-bind": "^1.0.2",
				"define-properties": "^1.2.0",
				"functions-have-names": "^1.2.3"
			}
		},
		"union-subdivided-polygons": {
			"version": "0.9.1",
			"resolved": "https://registry.npmjs.org/union-subdivided-polygons/-/union-subdivided-polygons-0.9.1.tgz",
			"integrity": "sha512-qe1BVS4Btq35sW8kmxKUfSQp81Hcvxvz8oTS/RGdNVG0i5VOv6zaa1HZCWMWzHlP9Kn1NNdmE+UcaEAhwVFt6w==",
			"requires": {
				"@turf/bbox": "^6.0.1"
			}
		},
		"void-elements": {
			"version": "3.1.0",
			"resolved": "https://registry.npmjs.org/void-elements/-/void-elements-3.1.0.tgz",
			"integrity": "sha512-Dhxzh5HZuiHQhbvTW9AMetFfBHDMYpo23Uo9btPXgdYP+3T5S+p+jgNy7spra+veYhBP2dCSgxR/i2Y02h5/6w=="
		}
	}
}
