{
	"name": "@seasketch/gp-clip-bbox",
	"version": "1.1.0",
	"lockfileVersion": 2,
	"requires": true,
	"packages": {
		"": {
			"name": "@seasketch/gp-clip-bbox",
			"version": "1.0.0",
			"license": "BSD-3-Clause",
			"dependencies": {
				"@turf/area": "6.5.0",
				"@turf/bbox-clip": "6.5.0"
			}
		},
		"node_modules/@turf/area": {
			"version": "6.5.0",
			"resolved": "https://registry.npmjs.org/@turf/area/-/area-6.5.0.tgz",
			"integrity": "sha512-xCZdiuojokLbQ+29qR6qoMD89hv+JAgWjLrwSEWL+3JV8IXKeNFl6XkEJz9HGkVpnXvQKJoRz4/liT+8ZZ5Jyg==",
			"dependencies": {
				"@turf/helpers": "^6.5.0",
				"@turf/meta": "^6.5.0"
			},
			"funding": {
				"url": "https://opencollective.com/turf"
			}
		},
		"node_modules/@turf/bbox-clip": {
			"version": "6.5.0",
			"resolved": "https://registry.npmjs.org/@turf/bbox-clip/-/bbox-clip-6.5.0.tgz",
			"integrity": "sha512-F6PaIRF8WMp8EmgU/Ke5B1Y6/pia14UAYB5TiBC668w5rVVjy5L8rTm/m2lEkkDMHlzoP9vNY4pxpNthE7rLcQ==",
			"dependencies": {
				"@turf/helpers": "^6.5.0",
				"@turf/invariant": "^6.5.0"
			},
			"funding": {
				"url": "https://opencollective.com/turf"
			}
		},
		"node_modules/@turf/helpers": {
			"version": "6.5.0",
			"resolved": "https://registry.npmjs.org/@turf/helpers/-/helpers-6.5.0.tgz",
			"integrity": "sha512-VbI1dV5bLFzohYYdgqwikdMVpe7pJ9X3E+dlr425wa2/sMJqYDhTO++ec38/pcPvPE6oD9WEEeU3Xu3gza+VPw==",
			"funding": {
				"url": "https://opencollective.com/turf"
			}
		},
		"node_modules/@turf/invariant": {
			"version": "6.5.0",
			"resolved": "https://registry.npmjs.org/@turf/invariant/-/invariant-6.5.0.tgz",
			"integrity": "sha512-Wv8PRNCtPD31UVbdJE/KVAWKe7l6US+lJItRR/HOEW3eh+U/JwRCSUl/KZ7bmjM/C+zLNoreM2TU6OoLACs4eg==",
			"dependencies": {
				"@turf/helpers": "^6.5.0"
			},
			"funding": {
				"url": "https://opencollective.com/turf"
			}
		},
		"node_modules/@turf/meta": {
			"version": "6.5.0",
			"resolved": "https://registry.npmjs.org/@turf/meta/-/meta-6.5.0.tgz",
			"integrity": "sha512-RrArvtsV0vdsCBegoBtOalgdSOfkBrTJ07VkpiCnq/491W67hnMWmDu7e6Ztw0C3WldRYTXkg3SumfdzZxLBHA==",
			"dependencies": {
				"@turf/helpers": "^6.5.0"
			},
			"funding": {
				"url": "https://opencollective.com/turf"
			}
		}
	},
	"dependencies": {
		"@turf/area": {
			"version": "6.5.0",
			"resolved": "https://registry.npmjs.org/@turf/area/-/area-6.5.0.tgz",
			"integrity": "sha512-xCZdiuojokLbQ+29qR6qoMD89hv+JAgWjLrwSEWL+3JV8IXKeNFl6XkEJz9HGkVpnXvQKJoRz4/liT+8ZZ5Jyg==",
			"requires": {
				"@turf/helpers": "^6.5.0",
				"@turf/meta": "^6.5.0"
			}
		},
		"@turf/bbox-clip": {
			"version": "6.5.0",
			"resolved": "https://registry.npmjs.org/@turf/bbox-clip/-/bbox-clip-6.5.0.tgz",
			"integrity": "sha512-F6PaIRF8WMp8EmgU/Ke5B1Y6/pia14UAYB5TiBC668w5rVVjy5L8rTm/m2lEkkDMHlzoP9vNY4pxpNthE7rLcQ==",
			"requires": {
				"@turf/helpers": "^6.5.0",
				"@turf/invariant": "^6.5.0"
			}
		},
		"@turf/helpers": {
			"version": "6.5.0",
			"resolved": "https://registry.npmjs.org/@turf/helpers/-/helpers-6.5.0.tgz",
			"integrity": "sha512-VbI1dV5bLFzohYYdgqwikdMVpe7pJ9X3E+dlr425wa2/sMJqYDhTO++ec38/pcPvPE6oD9WEEeU3Xu3gza+VPw=="
		},
		"@turf/invariant": {
			"version": "6.5.0",
			"resolved": "https://registry.npmjs.org/@turf/invariant/-/invariant-6.5.0.tgz",
			"integrity": "sha512-Wv8PRNCtPD31UVbdJE/KVAWKe7l6US+lJItRR/HOEW3eh+U/JwRCSUl/KZ7bmjM/C+zLNoreM2TU6OoLACs4eg==",
			"requires": {
				"@turf/helpers": "^6.5.0"
			}
		},
		"@turf/meta": {
			"version": "6.5.0",
			"resolved": "https://registry.npmjs.org/@turf/meta/-/meta-6.5.0.tgz",
			"integrity": "sha512-RrArvtsV0vdsCBegoBtOalgdSOfkBrTJ07VkpiCnq/491W67hnMWmDu7e6Ztw0C3WldRYTXkg3SumfdzZxLBHA==",
			"requires": {
				"@turf/helpers": "^6.5.0"
			}
		}
	}
}
