{
	"name": "@seasketch/gp-clip-bbox",
	"version": "0.11.1",
	"lockfileVersion": 2,
	"requires": true,
	"packages": {
		"": {
			"name": "@seasketch/gp-clip-bbox",
			"version": "0.11.1",
			"license": "BSD-3-Clause",
			"dependencies": {
				"@turf/area": "^6.3.0",
				"@turf/bbox-clip": "^6.3.0"
			}
		},
		"node_modules/@turf/area": {
			"version": "6.3.0",
			"resolved": "https://registry.npmjs.org/@turf/area/-/area-6.3.0.tgz",
			"integrity": "sha512-Y1cYyAQ2fk94npdgOeMF4msc2uabHY1m7A7ntixf1I8rkyDd6/iHh1IMy1QsM+VZXAEwDwsXhu+ZFYd3Jkeg4A==",
			"dependencies": {
				"@turf/helpers": "^6.3.0",
				"@turf/meta": "^6.3.0"
			}
		},
		"node_modules/@turf/bbox-clip": {
			"version": "6.3.0",
			"resolved": "https://registry.npmjs.org/@turf/bbox-clip/-/bbox-clip-6.3.0.tgz",
			"integrity": "sha512-DCFs1MdX3P7SzZiBjT1kWBp4g0cfv8Yn2/Ccq3JP4iVaqNQJujPfe0WwZjjTdXLbLLFTjoxnCJBjy3WZDmLvlw==",
			"dependencies": {
				"@turf/helpers": "^6.3.0",
				"@turf/invariant": "^6.3.0"
			}
		},
		"node_modules/@turf/helpers": {
			"version": "6.3.0",
			"resolved": "https://registry.npmjs.org/@turf/helpers/-/helpers-6.3.0.tgz",
			"integrity": "sha512-kr6KuD4Z0GZ30tblTEvi90rvvVNlKieXuMC8CTzE/rVQb0/f/Cb29zCXxTD7giQTEQY/P2nRW23wEqqyNHulCg=="
		},
		"node_modules/@turf/invariant": {
			"version": "6.3.0",
			"resolved": "https://registry.npmjs.org/@turf/invariant/-/invariant-6.3.0.tgz",
			"integrity": "sha512-2OFOi9p+QOrcIMySEnr+WlOiKaFZ1bY56jA98YyECewJHfhPFWUBZEhc4nWGRT0ahK08Vus9+gcuBX8QIpCIIw==",
			"dependencies": {
				"@turf/helpers": "^6.3.0"
			}
		},
		"node_modules/@turf/meta": {
			"version": "6.3.0",
			"resolved": "https://registry.npmjs.org/@turf/meta/-/meta-6.3.0.tgz",
			"integrity": "sha512-qBJjaAJS9H3ap0HlGXyF/Bzfl0qkA9suafX/jnDsZvWMfVLt+s+o6twKrXOGk5t7nnNON2NFRC8+czxpu104EQ==",
			"dependencies": {
				"@turf/helpers": "^6.3.0"
			}
		}
	},
	"dependencies": {
		"@turf/area": {
			"version": "6.3.0",
			"resolved": "https://registry.npmjs.org/@turf/area/-/area-6.3.0.tgz",
			"integrity": "sha512-Y1cYyAQ2fk94npdgOeMF4msc2uabHY1m7A7ntixf1I8rkyDd6/iHh1IMy1QsM+VZXAEwDwsXhu+ZFYd3Jkeg4A==",
			"requires": {
				"@turf/helpers": "^6.3.0",
				"@turf/meta": "^6.3.0"
			}
		},
		"@turf/bbox-clip": {
			"version": "6.3.0",
			"resolved": "https://registry.npmjs.org/@turf/bbox-clip/-/bbox-clip-6.3.0.tgz",
			"integrity": "sha512-DCFs1MdX3P7SzZiBjT1kWBp4g0cfv8Yn2/Ccq3JP4iVaqNQJujPfe0WwZjjTdXLbLLFTjoxnCJBjy3WZDmLvlw==",
			"requires": {
				"@turf/helpers": "^6.3.0",
				"@turf/invariant": "^6.3.0"
			}
		},
		"@turf/helpers": {
			"version": "6.3.0",
			"resolved": "https://registry.npmjs.org/@turf/helpers/-/helpers-6.3.0.tgz",
			"integrity": "sha512-kr6KuD4Z0GZ30tblTEvi90rvvVNlKieXuMC8CTzE/rVQb0/f/Cb29zCXxTD7giQTEQY/P2nRW23wEqqyNHulCg=="
		},
		"@turf/invariant": {
			"version": "6.3.0",
			"resolved": "https://registry.npmjs.org/@turf/invariant/-/invariant-6.3.0.tgz",
			"integrity": "sha512-2OFOi9p+QOrcIMySEnr+WlOiKaFZ1bY56jA98YyECewJHfhPFWUBZEhc4nWGRT0ahK08Vus9+gcuBX8QIpCIIw==",
			"requires": {
				"@turf/helpers": "^6.3.0"
			}
		},
		"@turf/meta": {
			"version": "6.3.0",
			"resolved": "https://registry.npmjs.org/@turf/meta/-/meta-6.3.0.tgz",
			"integrity": "sha512-qBJjaAJS9H3ap0HlGXyF/Bzfl0qkA9suafX/jnDsZvWMfVLt+s+o6twKrXOGk5t7nnNON2NFRC8+czxpu104EQ==",
			"requires": {
				"@turf/helpers": "^6.3.0"
			}
		}
	}
}
